PODS:
  - AFViewShaker (0.0.2)
  - Colours (5.4.0)
  - DateTools (1.3.0)
  - iOSWebserviceTemplate (1.0.0)
  - MYBlurIntroductionView (1.0.3)
  - NKOColorPickerView (0.2)
  - SDWebImage (3.6):
    - SDWebImage/Core
  - SDWebImage/Core (3.6)

DEPENDENCIES:
  - AFViewShaker
  - Colours
  - DateTools
  - iOSWebserviceTemplate
  - MYBlurIntroductionView
  - NKOColorPickerView
  - SDWebImage

SPEC CHECKSUMS:
  AFViewShaker: 40bd7a2725ea81a9472134f27f0086d398d1bf91
  Colours: 4ad8fe1c28d4a7ad36598067e4902044d697f345
  DateTools: aa3131160337433a152c0228a2a1be2ff4ed3e05
  iOSWebserviceTemplate: 24de66e8bebe915c81b116eacff4c9d333bc67b9
  MYBlurIntroductionView: 6caf60805eaa555538aba9e2615820fd6f07cd23
  NKOColorPickerView: b4d32e1eedfcaeaec890f8301081ee030d49cffd
  SDWebImage: c6989652c1cdf27cbdf3f56957e2030f825af5bc

COCOAPODS: 0.33.1
