// !$*UTF8*$!
{
	archiveVersion = 1;
	classes = {
	};
	objectVersion = 46;
	objects = {

/* Begin PBXBuildFile section */
		1B0A69111938D520005C821D /* upcomingEventViewController.m in Sources */ = {isa = PBXBuildFile; fileRef = 1B0A690F1938D520005C821D /* upcomingEventViewController.m */; };
		1B0A69121938D520005C821D /* upcomingEventViewController.xib in Resources */ = {isa = PBXBuildFile; fileRef = 1B0A69101938D520005C821D /* upcomingEventViewController.xib */; };
		1B0A69161938D552005C821D /* commentViewController.m in Sources */ = {isa = PBXBuildFile; fileRef = 1B0A69141938D552005C821D /* commentViewController.m */; };
		1B0A69171938D552005C821D /* commentViewController.xib in Resources */ = {isa = PBXBuildFile; fileRef = 1B0A69151938D552005C821D /* commentViewController.xib */; };
		1B0A691C1938D58C005C821D /* aboutUPViewController.m in Sources */ = {isa = PBXBuildFile; fileRef = 1B0A691A1938D58C005C821D /* aboutUPViewController.m */; };
		1B0A69211938DA8B005C821D /* upcomingEventsTableViewCell.m in Sources */ = {isa = PBXBuildFile; fileRef = 1B0A691F1938DA8B005C821D /* upcomingEventsTableViewCell.m */; };
		1B0A69221938DA8B005C821D /* upcomingEventsTableViewCell.xib in Resources */ = {isa = PBXBuildFile; fileRef = 1B0A69201938DA8B005C821D /* upcomingEventsTableViewCell.xib */; };
		1BA9FE5E193E1D28008F8981 /* aboutUPViewController.xib in Resources */ = {isa = PBXBuildFile; fileRef = 1BA9FE5D193E1D28008F8981 /* aboutUPViewController.xib */; };
		1BA9FE63193E2114008F8981 /* PriorFeedbackViewController.m in Sources */ = {isa = PBXBuildFile; fileRef = 1BA9FE61193E2114008F8981 /* PriorFeedbackViewController.m */; };
		1BA9FE64193E2114008F8981 /* PriorFeedbackViewController.xib in Resources */ = {isa = PBXBuildFile; fileRef = 1BA9FE62193E2114008F8981 /* PriorFeedbackViewController.xib */; };
		1BA9FE68193E244B008F8981 /* PriorFeedbackTableViewCell.m in Sources */ = {isa = PBXBuildFile; fileRef = 1BA9FE66193E244B008F8981 /* PriorFeedbackTableViewCell.m */; };
		1BA9FE69193E244B008F8981 /* PriorFeedbackTableViewCell.xib in Resources */ = {isa = PBXBuildFile; fileRef = 1BA9FE67193E244B008F8981 /* PriorFeedbackTableViewCell.xib */; };
		1BACD34A1937E39700DF7081 /* Foundation.framework in Frameworks */ = {isa = PBXBuildFile; fileRef = 1BACD3491937E39700DF7081 /* Foundation.framework */; };
		1BACD34C1937E39700DF7081 /* CoreGraphics.framework in Frameworks */ = {isa = PBXBuildFile; fileRef = 1BACD34B1937E39700DF7081 /* CoreGraphics.framework */; };
		1BACD34E1937E39700DF7081 /* UIKit.framework in Frameworks */ = {isa = PBXBuildFile; fileRef = 1BACD34D1937E39700DF7081 /* UIKit.framework */; };
		1BACD3541937E39700DF7081 /* InfoPlist.strings in Resources */ = {isa = PBXBuildFile; fileRef = 1BACD3521937E39700DF7081 /* InfoPlist.strings */; };
		1BACD3561937E39700DF7081 /* main.m in Sources */ = {isa = PBXBuildFile; fileRef = 1BACD3551937E39700DF7081 /* main.m */; };
		1BACD35A1937E39700DF7081 /* AppDelegate.m in Sources */ = {isa = PBXBuildFile; fileRef = 1BACD3591937E39700DF7081 /* AppDelegate.m */; };
		1BACD35C1937E39700DF7081 /* Images.xcassets in Resources */ = {isa = PBXBuildFile; fileRef = 1BACD35B1937E39700DF7081 /* Images.xcassets */; };
		1BACD3631937E39700DF7081 /* XCTest.framework in Frameworks */ = {isa = PBXBuildFile; fileRef = 1BACD3621937E39700DF7081 /* XCTest.framework */; };
		1BACD3641937E39700DF7081 /* Foundation.framework in Frameworks */ = {isa = PBXBuildFile; fileRef = 1BACD3491937E39700DF7081 /* Foundation.framework */; };
		1BACD3651937E39700DF7081 /* UIKit.framework in Frameworks */ = {isa = PBXBuildFile; fileRef = 1BACD34D1937E39700DF7081 /* UIKit.framework */; };
		1BACD36D1937E39700DF7081 /* InfoPlist.strings in Resources */ = {isa = PBXBuildFile; fileRef = 1BACD36B1937E39700DF7081 /* InfoPlist.strings */; };
		1BACD36F1937E39700DF7081 /* UniversityProgramsTests.m in Sources */ = {isa = PBXBuildFile; fileRef = 1BACD36E1937E39700DF7081 /* UniversityProgramsTests.m */; };
		1BAD1A38193CC2B9006D24AD /* Event.m in Sources */ = {isa = PBXBuildFile; fileRef = 1BAD1A37193CC2B9006D24AD /* Event.m */; };
		1BAD1A3B193CC2C9006D24AD /* Comment.m in Sources */ = {isa = PBXBuildFile; fileRef = 1BAD1A3A193CC2C9006D24AD /* Comment.m */; };
		1BAD1A43193CCCBA006D24AD /* MyUPViewController.m in Sources */ = {isa = PBXBuildFile; fileRef = 1BAD1A41193CCCBA006D24AD /* MyUPViewController.m */; };
		1BAD1A44193CCCBA006D24AD /* MyUPViewController.xib in Resources */ = {isa = PBXBuildFile; fileRef = 1BAD1A42193CCCBA006D24AD /* MyUPViewController.xib */; };
		1BAD1A49193CCDEA006D24AD /* UserInfoViewController.m in Sources */ = {isa = PBXBuildFile; fileRef = 1BAD1A47193CCDEA006D24AD /* UserInfoViewController.m */; };
		1BAD1A4A193CCDEA006D24AD /* UserInfoViewController.xib in Resources */ = {isa = PBXBuildFile; fileRef = 1BAD1A48193CCDEA006D24AD /* UserInfoViewController.xib */; };
		1BAD1A4F193CD385006D24AD /* SpecificEventViewController.m in Sources */ = {isa = PBXBuildFile; fileRef = 1BAD1A4D193CD385006D24AD /* SpecificEventViewController.m */; };
		1BAD1A50193CD385006D24AD /* SpecificEventViewController.xib in Resources */ = {isa = PBXBuildFile; fileRef = 1BAD1A4E193CD385006D24AD /* SpecificEventViewController.xib */; };
		1BEC1BF9193914BE009DADEF /* UPDataRetrieval.m in Sources */ = {isa = PBXBuildFile; fileRef = 1BEC1BF8193914BE009DADEF /* UPDataRetrieval.m */; };
		1BEC1BFF1939183C009DADEF /* NSObject+ObjectMap.m in Sources */ = {isa = PBXBuildFile; fileRef = 1BEC1BFE1939183C009DADEF /* NSObject+ObjectMap.m */; };
		2CF2483000C64B358D0576BC /* libPods.a in Frameworks */ = {isa = PBXBuildFile; fileRef = C94E53E6222648D7B30F9FE7 /* libPods.a */; };
/* End PBXBuildFile section */

/* Begin PBXContainerItemProxy section */
		1BACD3661937E39700DF7081 /* PBXContainerItemProxy */ = {
			isa = PBXContainerItemProxy;
			containerPortal = 1BACD33E1937E39700DF7081 /* Project object */;
			proxyType = 1;
			remoteGlobalIDString = 1BACD3451937E39700DF7081;
			remoteInfo = UniversityPrograms;
		};
/* End PBXContainerItemProxy section */

/* Begin PBXFileReference section */
		1B0A690E1938D520005C821D /* upcomingEventViewController.h */ = {isa = PBXFileReference; fileEncoding = 4; lastKnownFileType = sourcecode.c.h; path = upcomingEventViewController.h; sourceTree = "<group>"; };
		1B0A690F1938D520005C821D /* upcomingEventViewController.m */ = {isa = PBXFileReference; fileEncoding = 4; lastKnownFileType = sourcecode.c.objc; path = upcomingEventViewController.m; sourceTree = "<group>"; };
		1B0A69101938D520005C821D /* upcomingEventViewController.xib */ = {isa = PBXFileReference; fileEncoding = 4; lastKnownFileType = file.xib; path = upcomingEventViewController.xib; sourceTree = "<group>"; };
		1B0A69131938D552005C821D /* commentViewController.h */ = {isa = PBXFileReference; fileEncoding = 4; lastKnownFileType = sourcecode.c.h; path = commentViewController.h; sourceTree = "<group>"; };
		1B0A69141938D552005C821D /* commentViewController.m */ = {isa = PBXFileReference; fileEncoding = 4; lastKnownFileType = sourcecode.c.objc; path = commentViewController.m; sourceTree = "<group>"; };
		1B0A69151938D552005C821D /* commentViewController.xib */ = {isa = PBXFileReference; fileEncoding = 4; lastKnownFileType = file.xib; path = commentViewController.xib; sourceTree = "<group>"; };
		1B0A69191938D58C005C821D /* aboutUPViewController.h */ = {isa = PBXFileReference; fileEncoding = 4; lastKnownFileType = sourcecode.c.h; path = aboutUPViewController.h; sourceTree = "<group>"; };
		1B0A691A1938D58C005C821D /* aboutUPViewController.m */ = {isa = PBXFileReference; fileEncoding = 4; lastKnownFileType = sourcecode.c.objc; path = aboutUPViewController.m; sourceTree = "<group>"; };
		1B0A691E1938DA8B005C821D /* upcomingEventsTableViewCell.h */ = {isa = PBXFileReference; fileEncoding = 4; lastKnownFileType = sourcecode.c.h; path = upcomingEventsTableViewCell.h; sourceTree = "<group>"; };
		1B0A691F1938DA8B005C821D /* upcomingEventsTableViewCell.m */ = {isa = PBXFileReference; fileEncoding = 4; lastKnownFileType = sourcecode.c.objc; path = upcomingEventsTableViewCell.m; sourceTree = "<group>"; };
		1B0A69201938DA8B005C821D /* upcomingEventsTableViewCell.xib */ = {isa = PBXFileReference; fileEncoding = 4; lastKnownFileType = file.xib; path = upcomingEventsTableViewCell.xib; sourceTree = "<group>"; };
		1BA9FE5D193E1D28008F8981 /* aboutUPViewController.xib */ = {isa = PBXFileReference; fileEncoding = 4; lastKnownFileType = file.xib; path = aboutUPViewController.xib; sourceTree = "<group>"; };
		1BA9FE60193E2114008F8981 /* PriorFeedbackViewController.h */ = {isa = PBXFileReference; fileEncoding = 4; lastKnownFileType = sourcecode.c.h; path = PriorFeedbackViewController.h; sourceTree = "<group>"; };
		1BA9FE61193E2114008F8981 /* PriorFeedbackViewController.m */ = {isa = PBXFileReference; fileEncoding = 4; lastKnownFileType = sourcecode.c.objc; path = PriorFeedbackViewController.m; sourceTree = "<group>"; };
		1BA9FE62193E2114008F8981 /* PriorFeedbackViewController.xib */ = {isa = PBXFileReference; fileEncoding = 4; lastKnownFileType = file.xib; path = PriorFeedbackViewController.xib; sourceTree = "<group>"; };
		1BA9FE65193E244B008F8981 /* PriorFeedbackTableViewCell.h */ = {isa = PBXFileReference; fileEncoding = 4; lastKnownFileType = sourcecode.c.h; path = PriorFeedbackTableViewCell.h; sourceTree = "<group>"; };
		1BA9FE66193E244B008F8981 /* PriorFeedbackTableViewCell.m */ = {isa = PBXFileReference; fileEncoding = 4; lastKnownFileType = sourcecode.c.objc; path = PriorFeedbackTableViewCell.m; sourceTree = "<group>"; };
		1BA9FE67193E244B008F8981 /* PriorFeedbackTableViewCell.xib */ = {isa = PBXFileReference; fileEncoding = 4; lastKnownFileType = file.xib; path = PriorFeedbackTableViewCell.xib; sourceTree = "<group>"; };
		1BACD3461937E39700DF7081 /* UniversityPrograms.app */ = {isa = PBXFileReference; explicitFileType = wrapper.application; includeInIndex = 0; path = UniversityPrograms.app; sourceTree = BUILT_PRODUCTS_DIR; };
		1BACD3491937E39700DF7081 /* Foundation.framework */ = {isa = PBXFileReference; lastKnownFileType = wrapper.framework; name = Foundation.framework; path = System/Library/Frameworks/Foundation.framework; sourceTree = SDKROOT; };
		1BACD34B1937E39700DF7081 /* CoreGraphics.framework */ = {isa = PBXFileReference; lastKnownFileType = wrapper.framework; name = CoreGraphics.framework; path = System/Library/Frameworks/CoreGraphics.framework; sourceTree = SDKROOT; };
		1BACD34D1937E39700DF7081 /* UIKit.framework */ = {isa = PBXFileReference; lastKnownFileType = wrapper.framework; name = UIKit.framework; path = System/Library/Frameworks/UIKit.framework; sourceTree = SDKROOT; };
		1BACD3511937E39700DF7081 /* UniversityPrograms-Info.plist */ = {isa = PBXFileReference; lastKnownFileType = text.plist.xml; path = "UniversityPrograms-Info.plist"; sourceTree = "<group>"; };
		1BACD3531937E39700DF7081 /* en */ = {isa = PBXFileReference; lastKnownFileType = text.plist.strings; name = en; path = en.lproj/InfoPlist.strings; sourceTree = "<group>"; };
		1BACD3551937E39700DF7081 /* main.m */ = {isa = PBXFileReference; lastKnownFileType = sourcecode.c.objc; path = main.m; sourceTree = "<group>"; };
		1BACD3571937E39700DF7081 /* UniversityPrograms-Prefix.pch */ = {isa = PBXFileReference; lastKnownFileType = sourcecode.c.h; path = "UniversityPrograms-Prefix.pch"; sourceTree = "<group>"; };
		1BACD3581937E39700DF7081 /* AppDelegate.h */ = {isa = PBXFileReference; lastKnownFileType = sourcecode.c.h; path = AppDelegate.h; sourceTree = "<group>"; };
		1BACD3591937E39700DF7081 /* AppDelegate.m */ = {isa = PBXFileReference; lastKnownFileType = sourcecode.c.objc; path = AppDelegate.m; sourceTree = "<group>"; };
		1BACD35B1937E39700DF7081 /* Images.xcassets */ = {isa = PBXFileReference; lastKnownFileType = folder.assetcatalog; path = Images.xcassets; sourceTree = "<group>"; };
		1BACD3611937E39700DF7081 /* UniversityProgramsTests.xctest */ = {isa = PBXFileReference; explicitFileType = wrapper.cfbundle; includeInIndex = 0; path = UniversityProgramsTests.xctest; sourceTree = BUILT_PRODUCTS_DIR; };
		1BACD3621937E39700DF7081 /* XCTest.framework */ = {isa = PBXFileReference; lastKnownFileType = wrapper.framework; name = XCTest.framework; path = Library/Frameworks/XCTest.framework; sourceTree = DEVELOPER_DIR; };
		1BACD36A1937E39700DF7081 /* UniversityProgramsTests-Info.plist */ = {isa = PBXFileReference; lastKnownFileType = text.plist.xml; path = "UniversityProgramsTests-Info.plist"; sourceTree = "<group>"; };
		1BACD36C1937E39700DF7081 /* en */ = {isa = PBXFileReference; lastKnownFileType = text.plist.strings; name = en; path = en.lproj/InfoPlist.strings; sourceTree = "<group>"; };
		1BACD36E1937E39700DF7081 /* UniversityProgramsTests.m */ = {isa = PBXFileReference; lastKnownFileType = sourcecode.c.objc; path = UniversityProgramsTests.m; sourceTree = "<group>"; };
		1BAD1A36193CC2B9006D24AD /* Event.h */ = {isa = PBXFileReference; fileEncoding = 4; lastKnownFileType = sourcecode.c.h; path = Event.h; sourceTree = "<group>"; };
		1BAD1A37193CC2B9006D24AD /* Event.m */ = {isa = PBXFileReference; fileEncoding = 4; lastKnownFileType = sourcecode.c.objc; path = Event.m; sourceTree = "<group>"; };
		1BAD1A39193CC2C9006D24AD /* Comment.h */ = {isa = PBXFileReference; fileEncoding = 4; lastKnownFileType = sourcecode.c.h; path = Comment.h; sourceTree = "<group>"; };
		1BAD1A3A193CC2C9006D24AD /* Comment.m */ = {isa = PBXFileReference; fileEncoding = 4; lastKnownFileType = sourcecode.c.objc; path = Comment.m; sourceTree = "<group>"; };
		1BAD1A40193CCCBA006D24AD /* MyUPViewController.h */ = {isa = PBXFileReference; fileEncoding = 4; lastKnownFileType = sourcecode.c.h; path = MyUPViewController.h; sourceTree = "<group>"; };
		1BAD1A41193CCCBA006D24AD /* MyUPViewController.m */ = {isa = PBXFileReference; fileEncoding = 4; lastKnownFileType = sourcecode.c.objc; path = MyUPViewController.m; sourceTree = "<group>"; };
		1BAD1A42193CCCBA006D24AD /* MyUPViewController.xib */ = {isa = PBXFileReference; fileEncoding = 4; lastKnownFileType = file.xib; path = MyUPViewController.xib; sourceTree = "<group>"; };
		1BAD1A46193CCDEA006D24AD /* UserInfoViewController.h */ = {isa = PBXFileReference; fileEncoding = 4; lastKnownFileType = sourcecode.c.h; path = UserInfoViewController.h; sourceTree = "<group>"; };
		1BAD1A47193CCDEA006D24AD /* UserInfoViewController.m */ = {isa = PBXFileReference; fileEncoding = 4; lastKnownFileType = sourcecode.c.objc; path = UserInfoViewController.m; sourceTree = "<group>"; };
		1BAD1A48193CCDEA006D24AD /* UserInfoViewController.xib */ = {isa = PBXFileReference; fileEncoding = 4; lastKnownFileType = file.xib; path = UserInfoViewController.xib; sourceTree = "<group>"; };
		1BAD1A4C193CD385006D24AD /* SpecificEventViewController.h */ = {isa = PBXFileReference; fileEncoding = 4; lastKnownFileType = sourcecode.c.h; path = SpecificEventViewController.h; sourceTree = "<group>"; };
		1BAD1A4D193CD385006D24AD /* SpecificEventViewController.m */ = {isa = PBXFileReference; fileEncoding = 4; lastKnownFileType = sourcecode.c.objc; path = SpecificEventViewController.m; sourceTree = "<group>"; };
		1BAD1A4E193CD385006D24AD /* SpecificEventViewController.xib */ = {isa = PBXFileReference; fileEncoding = 4; lastKnownFileType = file.xib; path = SpecificEventViewController.xib; sourceTree = "<group>"; };
		1BEC1BF7193914BE009DADEF /* UPDataRetrieval.h */ = {isa = PBXFileReference; fileEncoding = 4; lastKnownFileType = sourcecode.c.h; path = UPDataRetrieval.h; sourceTree = "<group>"; };
		1BEC1BF8193914BE009DADEF /* UPDataRetrieval.m */ = {isa = PBXFileReference; fileEncoding = 4; lastKnownFileType = sourcecode.c.objc; path = UPDataRetrieval.m; sourceTree = "<group>"; };
		1BEC1BFD1939183C009DADEF /* NSObject+ObjectMap.h */ = {isa = PBXFileReference; fileEncoding = 4; lastKnownFileType = sourcecode.c.h; path = "NSObject+ObjectMap.h"; sourceTree = "<group>"; };
		1BEC1BFE1939183C009DADEF /* NSObject+ObjectMap.m */ = {isa = PBXFileReference; fileEncoding = 4; lastKnownFileType = sourcecode.c.objc; path = "NSObject+ObjectMap.m"; sourceTree = "<group>"; };
		3FDA9E41BEF34AC4BD93F41E /* Pods.xcconfig */ = {isa = PBXFileReference; includeInIndex = 1; lastKnownFileType = text.xcconfig; name = Pods.xcconfig; path = Pods/Pods.xcconfig; sourceTree = "<group>"; };
		C94E53E6222648D7B30F9FE7 /* libPods.a */ = {isa = PBXFileReference; explicitFileType = archive.ar; includeInIndex = 0; path = libPods.a; sourceTree = BUILT_PRODUCTS_DIR; };
/* End PBXFileReference section */

/* Begin PBXFrameworksBuildPhase section */
		1BACD3431937E39700DF7081 /* Frameworks */ = {
			isa = PBXFrameworksBuildPhase;
			buildActionMask = 2147483647;
			files = (
				1BACD34C1937E39700DF7081 /* CoreGraphics.framework in Frameworks */,
				1BACD34E1937E39700DF7081 /* UIKit.framework in Frameworks */,
				1BACD34A1937E39700DF7081 /* Foundation.framework in Frameworks */,
				2CF2483000C64B358D0576BC /* libPods.a in Frameworks */,
			);
			runOnlyForDeploymentPostprocessing = 0;
		};
		1BACD35E1937E39700DF7081 /* Frameworks */ = {
			isa = PBXFrameworksBuildPhase;
			buildActionMask = 2147483647;
			files = (
				1BACD3631937E39700DF7081 /* XCTest.framework in Frameworks */,
				1BACD3651937E39700DF7081 /* UIKit.framework in Frameworks */,
				1BACD3641937E39700DF7081 /* Foundation.framework in Frameworks */,
			);
			runOnlyForDeploymentPostprocessing = 0;
		};
/* End PBXFrameworksBuildPhase section */

/* Begin PBXGroup section */
		1B0A69031938D434005C821D /* Controllers */ = {
			isa = PBXGroup;
			children = (
				1BAD1A3C193CCB9E006D24AD /* MyUP */,
				1B0A69181938D575005C821D /* about */,
				1B0A690B1938D4A5005C821D /* upcoming events */,
			);
			name = Controllers;
			sourceTree = "<group>";
		};
		1B0A69051938D448005C821D /* misc */ = {
			isa = PBXGroup;
			children = (
			);
			name = misc;
			sourceTree = "<group>";
		};
		1B0A69081938D474005C821D /* Views */ = {
			isa = PBXGroup;
			children = (
				1B0A690A1938D487005C821D /* Table Cells */,
				1B0A69091938D47E005C821D /* Basic Views */,
			);
			name = Views;
			sourceTree = "<group>";
		};
		1B0A69091938D47E005C821D /* Basic Views */ = {
			isa = PBXGroup;
			children = (
			);
			name = "Basic Views";
			sourceTree = "<group>";
		};
		1B0A690A1938D487005C821D /* Table Cells */ = {
			isa = PBXGroup;
			children = (
				1B0A691E1938DA8B005C821D /* upcomingEventsTableViewCell.h */,
				1B0A691F1938DA8B005C821D /* upcomingEventsTableViewCell.m */,
				1B0A69201938DA8B005C821D /* upcomingEventsTableViewCell.xib */,
				1BA9FE65193E244B008F8981 /* PriorFeedbackTableViewCell.h */,
				1BA9FE66193E244B008F8981 /* PriorFeedbackTableViewCell.m */,
				1BA9FE67193E244B008F8981 /* PriorFeedbackTableViewCell.xib */,
			);
			name = "Table Cells";
			sourceTree = "<group>";
		};
		1B0A690B1938D4A5005C821D /* upcoming events */ = {
			isa = PBXGroup;
			children = (
				1BAD1A4B193CD2AA006D24AD /* event */,
				1B0A690E1938D520005C821D /* upcomingEventViewController.h */,
				1B0A690F1938D520005C821D /* upcomingEventViewController.m */,
				1B0A69101938D520005C821D /* upcomingEventViewController.xib */,
			);
			name = "upcoming events";
			sourceTree = "<group>";
		};
		1B0A690C1938D4AE005C821D /* comments/suggestion box */ = {
			isa = PBXGroup;
			children = (
				1B0A69131938D552005C821D /* commentViewController.h */,
				1B0A69141938D552005C821D /* commentViewController.m */,
				1B0A69151938D552005C821D /* commentViewController.xib */,
			);
			name = "comments/suggestion box";
			sourceTree = "<group>";
		};
		1B0A69181938D575005C821D /* about */ = {
			isa = PBXGroup;
			children = (
				1B0A69191938D58C005C821D /* aboutUPViewController.h */,
				1B0A691A1938D58C005C821D /* aboutUPViewController.m */,
				1BA9FE5D193E1D28008F8981 /* aboutUPViewController.xib */,
			);
			name = about;
			sourceTree = "<group>";
		};
		1BA9FE5F193E20F8008F8981 /* PriorFeedback */ = {
			isa = PBXGroup;
			children = (
				1BA9FE60193E2114008F8981 /* PriorFeedbackViewController.h */,
				1BA9FE61193E2114008F8981 /* PriorFeedbackViewController.m */,
				1BA9FE62193E2114008F8981 /* PriorFeedbackViewController.xib */,
			);
			name = PriorFeedback;
			sourceTree = "<group>";
		};
		1BACD33D1937E39700DF7081 = {
			isa = PBXGroup;
			children = (
				1BACD34F1937E39700DF7081 /* UniversityPrograms */,
				1BACD3681937E39700DF7081 /* UniversityProgramsTests */,
				1BACD3481937E39700DF7081 /* Frameworks */,
				1BACD3471937E39700DF7081 /* Products */,
				3FDA9E41BEF34AC4BD93F41E /* Pods.xcconfig */,
			);
			sourceTree = "<group>";
		};
		1BACD3471937E39700DF7081 /* Products */ = {
			isa = PBXGroup;
			children = (
				1BACD3461937E39700DF7081 /* UniversityPrograms.app */,
				1BACD3611937E39700DF7081 /* UniversityProgramsTests.xctest */,
			);
			name = Products;
			sourceTree = "<group>";
		};
		1BACD3481937E39700DF7081 /* Frameworks */ = {
			isa = PBXGroup;
			children = (
				1BACD3491937E39700DF7081 /* Foundation.framework */,
				1BACD34B1937E39700DF7081 /* CoreGraphics.framework */,
				1BACD34D1937E39700DF7081 /* UIKit.framework */,
				1BACD3621937E39700DF7081 /* XCTest.framework */,
				C94E53E6222648D7B30F9FE7 /* libPods.a */,
			);
			name = Frameworks;
			sourceTree = "<group>";
		};
		1BACD34F1937E39700DF7081 /* UniversityPrograms */ = {
			isa = PBXGroup;
			children = (
				1BAD1A35193CC2A2006D24AD /* Models */,
				1BEC1BF61938FE24009DADEF /* Web Calls */,
				1B0A69081938D474005C821D /* Views */,
				1B0A69051938D448005C821D /* misc */,
				1B0A69031938D434005C821D /* Controllers */,
				1BACD3581937E39700DF7081 /* AppDelegate.h */,
				1BACD3591937E39700DF7081 /* AppDelegate.m */,
				1BACD35B1937E39700DF7081 /* Images.xcassets */,
				1BACD3501937E39700DF7081 /* Supporting Files */,
			);
			path = UniversityPrograms;
			sourceTree = "<group>";
		};
		1BACD3501937E39700DF7081 /* Supporting Files */ = {
			isa = PBXGroup;
			children = (
				1BACD3511937E39700DF7081 /* UniversityPrograms-Info.plist */,
				1BACD3521937E39700DF7081 /* InfoPlist.strings */,
				1BACD3551937E39700DF7081 /* main.m */,
				1BACD3571937E39700DF7081 /* UniversityPrograms-Prefix.pch */,
			);
			name = "Supporting Files";
			sourceTree = "<group>";
		};
		1BACD3681937E39700DF7081 /* UniversityProgramsTests */ = {
			isa = PBXGroup;
			children = (
				1BACD36E1937E39700DF7081 /* UniversityProgramsTests.m */,
				1BACD3691937E39700DF7081 /* Supporting Files */,
			);
			path = UniversityProgramsTests;
			sourceTree = "<group>";
		};
		1BACD3691937E39700DF7081 /* Supporting Files */ = {
			isa = PBXGroup;
			children = (
				1BACD36A1937E39700DF7081 /* UniversityProgramsTests-Info.plist */,
				1BACD36B1937E39700DF7081 /* InfoPlist.strings */,
			);
			name = "Supporting Files";
			sourceTree = "<group>";
		};
		1BAD1A35193CC2A2006D24AD /* Models */ = {
			isa = PBXGroup;
			children = (
				1BAD1A36193CC2B9006D24AD /* Event.h */,
				1BAD1A37193CC2B9006D24AD /* Event.m */,
				1BAD1A39193CC2C9006D24AD /* Comment.h */,
				1BAD1A3A193CC2C9006D24AD /* Comment.m */,
			);
			name = Models;
			sourceTree = "<group>";
		};
		1BAD1A3C193CCB9E006D24AD /* MyUP */ = {
			isa = PBXGroup;
			children = (
				1BAD1A40193CCCBA006D24AD /* MyUPViewController.h */,
				1BAD1A41193CCCBA006D24AD /* MyUPViewController.m */,
				1BAD1A42193CCCBA006D24AD /* MyUPViewController.xib */,
				1BA9FE5F193E20F8008F8981 /* PriorFeedback */,
				1BAD1A45193CCDD1006D24AD /* UserInfo */,
				1B0A690C1938D4AE005C821D /* comments/suggestion box */,
			);
			name = MyUP;
			sourceTree = "<group>";
		};
		1BAD1A45193CCDD1006D24AD /* UserInfo */ = {
			isa = PBXGroup;
			children = (
				1BAD1A46193CCDEA006D24AD /* UserInfoViewController.h */,
				1BAD1A47193CCDEA006D24AD /* UserInfoViewController.m */,
				1BAD1A48193CCDEA006D24AD /* UserInfoViewController.xib */,
			);
			name = UserInfo;
			sourceTree = "<group>";
		};
		1BAD1A4B193CD2AA006D24AD /* event */ = {
			isa = PBXGroup;
			children = (
				1BAD1A4C193CD385006D24AD /* SpecificEventViewController.h */,
				1BAD1A4D193CD385006D24AD /* SpecificEventViewController.m */,
				1BAD1A4E193CD385006D24AD /* SpecificEventViewController.xib */,
			);
			name = event;
			sourceTree = "<group>";
		};
		1BEC1BF61938FE24009DADEF /* Web Calls */ = {
			isa = PBXGroup;
			children = (
				1BEC1BFD1939183C009DADEF /* NSObject+ObjectMap.h */,
				1BEC1BFE1939183C009DADEF /* NSObject+ObjectMap.m */,
				1BEC1BF7193914BE009DADEF /* UPDataRetrieval.h */,
				1BEC1BF8193914BE009DADEF /* UPDataRetrieval.m */,
			);
			name = "Web Calls";
			sourceTree = "<group>";
		};
/* End PBXGroup section */

/* Begin PBXNativeTarget section */
		1BACD3451937E39700DF7081 /* UniversityPrograms */ = {
			isa = PBXNativeTarget;
			buildConfigurationList = 1BACD3721937E39700DF7081 /* Build configuration list for PBXNativeTarget "UniversityPrograms" */;
			buildPhases = (
				45C3D1FA801D44F2A6E435F3 /* Check Pods Manifest.lock */,
				1BACD3421937E39700DF7081 /* Sources */,
				1BACD3431937E39700DF7081 /* Frameworks */,
				1BACD3441937E39700DF7081 /* Resources */,
				2E35AFE0195F40588D0F8F27 /* Copy Pods Resources */,
			);
			buildRules = (
			);
			dependencies = (
			);
			name = UniversityPrograms;
			productName = UniversityPrograms;
			productReference = 1BACD3461937E39700DF7081 /* UniversityPrograms.app */;
			productType = "com.apple.product-type.application";
		};
		1BACD3601937E39700DF7081 /* UniversityProgramsTests */ = {
			isa = PBXNativeTarget;
			buildConfigurationList = 1BACD3751937E39700DF7081 /* Build configuration list for PBXNativeTarget "UniversityProgramsTests" */;
			buildPhases = (
				1BACD35D1937E39700DF7081 /* Sources */,
				1BACD35E1937E39700DF7081 /* Frameworks */,
				1BACD35F1937E39700DF7081 /* Resources */,
			);
			buildRules = (
			);
			dependencies = (
				1BACD3671937E39700DF7081 /* PBXTargetDependency */,
			);
			name = UniversityProgramsTests;
			productName = UniversityProgramsTests;
			productReference = 1BACD3611937E39700DF7081 /* UniversityProgramsTests.xctest */;
			productType = "com.apple.product-type.bundle.unit-test";
		};
/* End PBXNativeTarget section */

/* Begin PBXProject section */
		1BACD33E1937E39700DF7081 /* Project object */ = {
			isa = PBXProject;
			attributes = {
				LastUpgradeCheck = 0510;
				ORGANIZATIONNAME = CAPS;
				TargetAttributes = {
					1BACD3601937E39700DF7081 = {
						TestTargetID = 1BACD3451937E39700DF7081;
					};
				};
			};
			buildConfigurationList = 1BACD3411937E39700DF7081 /* Build configuration list for PBXProject "UniversityPrograms" */;
			compatibilityVersion = "Xcode 3.2";
			developmentRegion = English;
			hasScannedForEncodings = 0;
			knownRegions = (
				en,
			);
			mainGroup = 1BACD33D1937E39700DF7081;
			productRefGroup = 1BACD3471937E39700DF7081 /* Products */;
			projectDirPath = "";
			projectRoot = "";
			targets = (
				1BACD3451937E39700DF7081 /* UniversityPrograms */,
				1BACD3601937E39700DF7081 /* UniversityProgramsTests */,
			);
		};
/* End PBXProject section */

/* Begin PBXResourcesBuildPhase section */
		1BACD3441937E39700DF7081 /* Resources */ = {
			isa = PBXResourcesBuildPhase;
			buildActionMask = 2147483647;
			files = (
				1B0A69171938D552005C821D /* commentViewController.xib in Resources */,
				1B0A69121938D520005C821D /* upcomingEventViewController.xib in Resources */,
				1BACD3541937E39700DF7081 /* InfoPlist.strings in Resources */,
				1BACD35C1937E39700DF7081 /* Images.xcassets in Resources */,
				1BA9FE64193E2114008F8981 /* PriorFeedbackViewController.xib in Resources */,
				1B0A69221938DA8B005C821D /* upcomingEventsTableViewCell.xib in Resources */,
				1BA9FE69193E244B008F8981 /* PriorFeedbackTableViewCell.xib in Resources */,
				1BAD1A4A193CCDEA006D24AD /* UserInfoViewController.xib in Resources */,
				1BAD1A44193CCCBA006D24AD /* MyUPViewController.xib in Resources */,
				1BA9FE5E193E1D28008F8981 /* aboutUPViewController.xib in Resources */,
				1BAD1A50193CD385006D24AD /* SpecificEventViewController.xib in Resources */,
			);
			runOnlyForDeploymentPostprocessing = 0;
		};
		1BACD35F1937E39700DF7081 /* Resources */ = {
			isa = PBXResourcesBuildPhase;
			buildActionMask = 2147483647;
			files = (
				1BACD36D1937E39700DF7081 /* InfoPlist.strings in Resources */,
			);
			runOnlyForDeploymentPostprocessing = 0;
		};
/* End PBXResourcesBuildPhase section */

/* Begin PBXShellScriptBuildPhase section */
		2E35AFE0195F40588D0F8F27 /* Copy Pods Resources */ = {
			isa = PBXShellScriptBuildPhase;
			buildActionMask = 2147483647;
			files = (
			);
			inputPaths = (
			);
			name = "Copy Pods Resources";
			outputPaths = (
			);
			runOnlyForDeploymentPostprocessing = 0;
			shellPath = /bin/sh;
			shellScript = "\"${SRCROOT}/Pods/Pods-resources.sh\"\n";
			showEnvVarsInLog = 0;
		};
		45C3D1FA801D44F2A6E435F3 /* Check Pods Manifest.lock */ = {
			isa = PBXShellScriptBuildPhase;
			buildActionMask = 2147483647;
			files = (
			);
			inputPaths = (
			);
			name = "Check Pods Manifest.lock";
			outputPaths = (
			);
			runOnlyForDeploymentPostprocessing = 0;
			shellPath = /bin/sh;
			shellScript = "diff \"${PODS_ROOT}/../Podfile.lock\" \"${PODS_ROOT}/Manifest.lock\" > /dev/null\nif [[ $? != 0 ]] ; then\n    cat << EOM\nerror: The sandbox is not in sync with the Podfile.lock. Run 'pod install' or update your CocoaPods installation.\nEOM\n    exit 1\nfi\n";
			showEnvVarsInLog = 0;
		};
/* End PBXShellScriptBuildPhase section */

/* Begin PBXSourcesBuildPhase section */
		1BACD3421937E39700DF7081 /* Sources */ = {
			isa = PBXSourcesBuildPhase;
			buildActionMask = 2147483647;
			files = (
				1BAD1A4F193CD385006D24AD /* SpecificEventViewController.m in Sources */,
				1B0A691C1938D58C005C821D /* aboutUPViewController.m in Sources */,
				1BA9FE68193E244B008F8981 /* PriorFeedbackTableViewCell.m in Sources */,
				1BAD1A43193CCCBA006D24AD /* MyUPViewController.m in Sources */,
				1BAD1A38193CC2B9006D24AD /* Event.m in Sources */,
				1B0A69161938D552005C821D /* commentViewController.m in Sources */,
				1BACD35A1937E39700DF7081 /* AppDelegate.m in Sources */,
				1BAD1A49193CCDEA006D24AD /* UserInfoViewController.m in Sources */,
				1BAD1A3B193CC2C9006D24AD /* Comment.m in Sources */,
				1BACD3561937E39700DF7081 /* main.m in Sources */,
				1BEC1BF9193914BE009DADEF /* UPDataRetrieval.m in Sources */,
				1BA9FE63193E2114008F8981 /* PriorFeedbackViewController.m in Sources */,
				1B0A69211938DA8B005C821D /* upcomingEventsTableViewCell.m in Sources */,
				1B0A69111938D520005C821D /* upcomingEventViewController.m in Sources */,
				1BEC1BFF1939183C009DADEF /* NSObject+ObjectMap.m in Sources */,
			);
			runOnlyForDeploymentPostprocessing = 0;
		};
		1BACD35D1937E39700DF7081 /* Sources */ = {
			isa = PBXSourcesBuildPhase;
			buildActionMask = 2147483647;
			files = (
				1BACD36F1937E39700DF7081 /* UniversityProgramsTests.m in Sources */,
			);
			runOnlyForDeploymentPostprocessing = 0;
		};
/* End PBXSourcesBuildPhase section */

/* Begin PBXTargetDependency section */
		1BACD3671937E39700DF7081 /* PBXTargetDependency */ = {
			isa = PBXTargetDependency;
			target = 1BACD3451937E39700DF7081 /* UniversityPrograms */;
			targetProxy = 1BACD3661937E39700DF7081 /* PBXContainerItemProxy */;
		};
/* End PBXTargetDependency section */

/* Begin PBXVariantGroup section */
		1BACD3521937E39700DF7081 /* InfoPlist.strings */ = {
			isa = PBXVariantGroup;
			children = (
				1BACD3531937E39700DF7081 /* en */,
			);
			name = InfoPlist.strings;
			sourceTree = "<group>";
		};
		1BACD36B1937E39700DF7081 /* InfoPlist.strings */ = {
			isa = PBXVariantGroup;
			children = (
				1BACD36C1937E39700DF7081 /* en */,
			);
			name = InfoPlist.strings;
			sourceTree = "<group>";
		};
/* End PBXVariantGroup section */

/* Begin XCBuildConfiguration section */
		1BACD3701937E39700DF7081 /* Debug */ = {
			isa = XCBuildConfiguration;
			buildSettings = {
				ALWAYS_SEARCH_USER_PATHS = NO;
				CLANG_CXX_LANGUAGE_STANDARD = "gnu++0x";
				CLANG_CXX_LIBRARY = "libc++";
				CLANG_ENABLE_MODULES = YES;
				CLANG_ENABLE_OBJC_ARC = YES;
				CLANG_WARN_BOOL_CONVERSION = YES;
				CLANG_WARN_CONSTANT_CONVERSION = YES;
				CLANG_WARN_DIRECT_OBJC_ISA_USAGE = YES_ERROR;
				CLANG_WARN_EMPTY_BODY = YES;
				CLANG_WARN_ENUM_CONVERSION = YES;
				CLANG_WARN_INT_CONVERSION = YES;
				CLANG_WARN_OBJC_ROOT_CLASS = YES_ERROR;
				CLANG_WARN__DUPLICATE_METHOD_MATCH = YES;
				"CODE_SIGN_IDENTITY[sdk=iphoneos*]" = "iPhone Developer";
				COPY_PHASE_STRIP = NO;
				GCC_C_LANGUAGE_STANDARD = gnu99;
				GCC_DYNAMIC_NO_PIC = NO;
				GCC_OPTIMIZATION_LEVEL = 0;
				GCC_PREPROCESSOR_DEFINITIONS = (
					"DEBUG=1",
					"$(inherited)",
				);
				GCC_SYMBOLS_PRIVATE_EXTERN = NO;
				GCC_WARN_64_TO_32_BIT_CONVERSION = YES;
				GCC_WARN_ABOUT_RETURN_TYPE = YES_ERROR;
				GCC_WARN_UNDECLARED_SELECTOR = YES;
				GCC_WARN_UNINITIALIZED_AUTOS = YES_AGGRESSIVE;
				GCC_WARN_UNUSED_FUNCTION = YES;
				GCC_WARN_UNUSED_VARIABLE = YES;
				IPHONEOS_DEPLOYMENT_TARGET = 7.1;
				ONLY_ACTIVE_ARCH = YES;
				SDKROOT = iphoneos;
			};
			name = Debug;
		};
		1BACD3711937E39700DF7081 /* Release */ = {
			isa = XCBuildConfiguration;
			buildSettings = {
				ALWAYS_SEARCH_USER_PATHS = NO;
				CLANG_CXX_LANGUAGE_STANDARD = "gnu++0x";
				CLANG_CXX_LIBRARY = "libc++";
				CLANG_ENABLE_MODULES = YES;
				CLANG_ENABLE_OBJC_ARC = YES;
				CLANG_WARN_BOOL_CONVERSION = YES;
				CLANG_WARN_CONSTANT_CONVERSION = YES;
				CLANG_WARN_DIRECT_OBJC_ISA_USAGE = YES_ERROR;
				CLANG_WARN_EMPTY_BODY = YES;
				CLANG_WARN_ENUM_CONVERSION = YES;
				CLANG_WARN_INT_CONVERSION = YES;
				CLANG_WARN_OBJC_ROOT_CLASS = YES_ERROR;
				CLANG_WARN__DUPLICATE_METHOD_MATCH = YES;
				"CODE_SIGN_IDENTITY[sdk=iphoneos*]" = "iPhone Developer";
				COPY_PHASE_STRIP = YES;
				ENABLE_NS_ASSERTIONS = NO;
				GCC_C_LANGUAGE_STANDARD = gnu99;
				GCC_WARN_64_TO_32_BIT_CONVERSION = YES;
				GCC_WARN_ABOUT_RETURN_TYPE = YES_ERROR;
				GCC_WARN_UNDECLARED_SELECTOR = YES;
				GCC_WARN_UNINITIALIZED_AUTOS = YES_AGGRESSIVE;
				GCC_WARN_UNUSED_FUNCTION = YES;
				GCC_WARN_UNUSED_VARIABLE = YES;
				IPHONEOS_DEPLOYMENT_TARGET = 7.1;
				SDKROOT = iphoneos;
				VALIDATE_PRODUCT = YES;
			};
			name = Release;
		};
		1BACD3731937E39700DF7081 /* Debug */ = {
			isa = XCBuildConfiguration;
			baseConfigurationReference = 3FDA9E41BEF34AC4BD93F41E /* Pods.xcconfig */;
			buildSettings = {
				ASSETCATALOG_COMPILER_APPICON_NAME = AppIcon;
				ASSETCATALOG_COMPILER_LAUNCHIMAGE_NAME = LaunchImage;
				GCC_PRECOMPILE_PREFIX_HEADER = YES;
				GCC_PREFIX_HEADER = "UniversityPrograms/UniversityPrograms-Prefix.pch";
				INFOPLIST_FILE = "UniversityPrograms/UniversityPrograms-Info.plist";
				PRODUCT_NAME = "$(TARGET_NAME)";
				WRAPPER_EXTENSION = app;
			};
			name = Debug;
		};
		1BACD3741937E39700DF7081 /* Release */ = {
			isa = XCBuildConfiguration;
			baseConfigurationReference = 3FDA9E41BEF34AC4BD93F41E /* Pods.xcconfig */;
			buildSettings = {
				ASSETCATALOG_COMPILER_APPICON_NAME = AppIcon;
				ASSETCATALOG_COMPILER_LAUNCHIMAGE_NAME = LaunchImage;
				GCC_PRECOMPILE_PREFIX_HEADER = YES;
				GCC_PREFIX_HEADER = "UniversityPrograms/UniversityPrograms-Prefix.pch";
				INFOPLIST_FILE = "UniversityPrograms/UniversityPrograms-Info.plist";
				PRODUCT_NAME = "$(TARGET_NAME)";
				WRAPPER_EXTENSION = app;
			};
			name = Release;
		};
		1BACD3761937E39700DF7081 /* Debug */ = {
			isa = XCBuildConfiguration;
			buildSettings = {
				BUNDLE_LOADER = "$(BUILT_PRODUCTS_DIR)/UniversityPrograms.app/UniversityPrograms";
				FRAMEWORK_SEARCH_PATHS = (
					"$(SDKROOT)/Developer/Library/Frameworks",
					"$(inherited)",
					"$(DEVELOPER_FRAMEWORKS_DIR)",
				);
				GCC_PRECOMPILE_PREFIX_HEADER = YES;
				GCC_PREFIX_HEADER = "UniversityPrograms/UniversityPrograms-Prefix.pch";
				GCC_PREPROCESSOR_DEFINITIONS = (
					"DEBUG=1",
					"$(inherited)",
				);
				INFOPLIST_FILE = "UniversityProgramsTests/UniversityProgramsTests-Info.plist";
				PRODUCT_NAME = "$(TARGET_NAME)";
				TEST_HOST = "$(BUNDLE_LOADER)";
				WRAPPER_EXTENSION = xctest;
			};
			name = Debug;
		};
		1BACD3771937E39700DF7081 /* Release */ = {
			isa = XCBuildConfiguration;
			buildSettings = {
				BUNDLE_LOADER = "$(BUILT_PRODUCTS_DIR)/UniversityPrograms.app/UniversityPrograms";
				FRAMEWORK_SEARCH_PATHS = (
					"$(SDKROOT)/Developer/Library/Frameworks",
					"$(inherited)",
					"$(DEVELOPER_FRAMEWORKS_DIR)",
				);
				GCC_PRECOMPILE_PREFIX_HEADER = YES;
				GCC_PREFIX_HEADER = "UniversityPrograms/UniversityPrograms-Prefix.pch";
				INFOPLIST_FILE = "UniversityProgramsTests/UniversityProgramsTests-Info.plist";
				PRODUCT_NAME = "$(TARGET_NAME)";
				TEST_HOST = "$(BUNDLE_LOADER)";
				WRAPPER_EXTENSION = xctest;
			};
			name = Release;
		};
/* End XCBuildConfiguration section */

/* Begin XCConfigurationList section */
		1BACD3411937E39700DF7081 /* Build configuration list for PBXProject "UniversityPrograms" */ = {
			isa = XCConfigurationList;
			buildConfigurations = (
				1BACD3701937E39700DF7081 /* Debug */,
				1BACD3711937E39700DF7081 /* Release */,
			);
			defaultConfigurationIsVisible = 0;
			defaultConfigurationName = Release;
		};
		1BACD3721937E39700DF7081 /* Build configuration list for PBXNativeTarget "UniversityPrograms" */ = {
			isa = XCConfigurationList;
			buildConfigurations = (
				1BACD3731937E39700DF7081 /* Debug */,
				1BACD3741937E39700DF7081 /* Release */,
			);
			defaultConfigurationIsVisible = 0;
			defaultConfigurationName = Release;
		};
		1BACD3751937E39700DF7081 /* Build configuration list for PBXNativeTarget "UniversityProgramsTests" */ = {
			isa = XCConfigurationList;
			buildConfigurations = (
				1BACD3761937E39700DF7081 /* Debug */,
				1BACD3771937E39700DF7081 /* Release */,
			);
			defaultConfigurationIsVisible = 0;
			defaultConfigurationName = Release;
		};
/* End XCConfigurationList section */
	};
	rootObject = 1BACD33E1937E39700DF7081 /* Project object */;
}
