// !$*UTF8*$!
{
	archiveVersion = 1;
	classes = {
	};
	objectVersion = 46;
	objects = {

/* Begin PBXBuildFile section */
		1B0A69111938D520005C821D /* UpcomingEventViewController.m in Sources */ = {isa = PBXBuildFile; fileRef = 1B0A690F1938D520005C821D /* UpcomingEventViewController.m */; };
		1B0A69121938D520005C821D /* UpcomingEventViewController.xib in Resources */ = {isa = PBXBuildFile; fileRef = 1B0A69101938D520005C821D /* UpcomingEventViewController.xib */; };
		1B0A69161938D552005C821D /* CommentViewController.m in Sources */ = {isa = PBXBuildFile; fileRef = 1B0A69141938D552005C821D /* CommentViewController.m */; };
		1B0A69171938D552005C821D /* CommentViewController.xib in Resources */ = {isa = PBXBuildFile; fileRef = 1B0A69151938D552005C821D /* CommentViewController.xib */; };
		1B0A691C1938D58C005C821D /* AboutUPViewController.m in Sources */ = {isa = PBXBuildFile; fileRef = 1B0A691A1938D58C005C821D /* AboutUPViewController.m */; };
		1B0A69211938DA8B005C821D /* UpcomingEventsTableViewCell.m in Sources */ = {isa = PBXBuildFile; fileRef = 1B0A691F1938DA8B005C821D /* UpcomingEventsTableViewCell.m */; };
		1B0A69221938DA8B005C821D /* UpcomingEventsTableViewCell.xib in Resources */ = {isa = PBXBuildFile; fileRef = 1B0A69201938DA8B005C821D /* UpcomingEventsTableViewCell.xib */; };
		1B1672C31947BF5F001449CD /* UPTabbarViewController.m in Sources */ = {isa = PBXBuildFile; fileRef = 1B1672C21947BF5F001449CD /* UPTabbarViewController.m */; };
		1B16EB1719586E57007E9B6B /* Social.framework in Frameworks */ = {isa = PBXBuildFile; fileRef = 1B16EB1619586E57007E9B6B /* Social.framework */; settings = {ATTRIBUTES = (Required, ); }; };
		1B16EB1919586F98007E9B6B /* Accounts.framework in Frameworks */ = {isa = PBXBuildFile; fileRef = 1B16EB1819586F98007E9B6B /* Accounts.framework */; };
		1B400F301951DA5F0019FB58 /* ContactUPMapViewController.m in Sources */ = {isa = PBXBuildFile; fileRef = 1B400F2E1951DA5F0019FB58 /* ContactUPMapViewController.m */; };
		1B400F311951DA5F0019FB58 /* ContactUPMapViewController.xib in Resources */ = {isa = PBXBuildFile; fileRef = 1B400F2F1951DA5F0019FB58 /* ContactUPMapViewController.xib */; };
		1B400F331951DDCD0019FB58 /* MapKit.framework in Frameworks */ = {isa = PBXBuildFile; fileRef = 1B400F321951DDCD0019FB58 /* MapKit.framework */; };
		1B400F3A1951E5A20019FB58 /* MapPin.png in Resources */ = {isa = PBXBuildFile; fileRef = 1B400F381951E5A20019FB58 /* MapPin.png */; };
		1B400F3B1951E5A20019FB58 /* MapPin@2x.png in Resources */ = {isa = PBXBuildFile; fileRef = 1B400F391951E5A20019FB58 /* MapPin@2x.png */; };
		1B400F40195224950019FB58 /* Twitter_filled.png in Resources */ = {isa = PBXBuildFile; fileRef = 1B400F3C195224950019FB58 /* Twitter_filled.png */; };
		1B400F41195224950019FB58 /* Twitter_filled@2x.png in Resources */ = {isa = PBXBuildFile; fileRef = 1B400F3D195224950019FB58 /* Twitter_filled@2x.png */; };
		1B400F42195224950019FB58 /* Twitter.png in Resources */ = {isa = PBXBuildFile; fileRef = 1B400F3E195224950019FB58 /* Twitter.png */; };
		1B400F43195224950019FB58 /* Twitter@2x.png in Resources */ = {isa = PBXBuildFile; fileRef = 1B400F3F195224950019FB58 /* Twitter@2x.png */; };
		1B400F48195225350019FB58 /* Facebook_filled.png in Resources */ = {isa = PBXBuildFile; fileRef = 1B400F44195225350019FB58 /* Facebook_filled.png */; };
		1B400F49195225350019FB58 /* Facebook_filled@2x.png in Resources */ = {isa = PBXBuildFile; fileRef = 1B400F45195225350019FB58 /* Facebook_filled@2x.png */; };
		1B400F4A195225350019FB58 /* Facebook.png in Resources */ = {isa = PBXBuildFile; fileRef = 1B400F46195225350019FB58 /* Facebook.png */; };
		1B400F4B195225350019FB58 /* Facebook@2x.png in Resources */ = {isa = PBXBuildFile; fileRef = 1B400F47195225350019FB58 /* Facebook@2x.png */; };
		1B48B56819421640008F5186 /* DirectoryTableViewCell.m in Sources */ = {isa = PBXBuildFile; fileRef = 1B48B56619421640008F5186 /* DirectoryTableViewCell.m */; };
		1B48B56919421640008F5186 /* DirectoryTableViewCell.xib in Resources */ = {isa = PBXBuildFile; fileRef = 1B48B56719421640008F5186 /* DirectoryTableViewCell.xib */; };
		1B48B56C19421C8F008F5186 /* Employee.m in Sources */ = {isa = PBXBuildFile; fileRef = 1B48B56B19421C8F008F5186 /* Employee.m */; };
		1B48B56F194243F9008F5186 /* UnRSVPDTO.m in Sources */ = {isa = PBXBuildFile; fileRef = 1B48B56E194243F9008F5186 /* UnRSVPDTO.m */; };
		1B53018B19587DFE0018DCF1 /* IntroPanel1.xib in Resources */ = {isa = PBXBuildFile; fileRef = 1B53018A19587DFE0018DCF1 /* IntroPanel1.xib */; };
		1B5301931958AA430018DCF1 /* eventsScreenshot.png in Resources */ = {isa = PBXBuildFile; fileRef = 1B5301921958AA430018DCF1 /* eventsScreenshot.png */; };
		1B5301951958AC360018DCF1 /* specificScreenshot.png in Resources */ = {isa = PBXBuildFile; fileRef = 1B5301941958AC360018DCF1 /* specificScreenshot.png */; };
		1B5301971958AE030018DCF1 /* rsvpScreenshot.png in Resources */ = {isa = PBXBuildFile; fileRef = 1B5301961958AE030018DCF1 /* rsvpScreenshot.png */; };
		1B5301991958AFF60018DCF1 /* userInfoScreenshot.png in Resources */ = {isa = PBXBuildFile; fileRef = 1B5301981958AFF60018DCF1 /* userInfoScreenshot.png */; };
		1B53019B1958B0960018DCF1 /* commentScreenshot.png in Resources */ = {isa = PBXBuildFile; fileRef = 1B53019A1958B0960018DCF1 /* commentScreenshot.png */; };
		1B53019D1958B7650018DCF1 /* myUserScreenshot.png in Resources */ = {isa = PBXBuildFile; fileRef = 1B53019C1958B7650018DCF1 /* myUserScreenshot.png */; };
		1B53019F1958B8300018DCF1 /* settingsScreenshot.png in Resources */ = {isa = PBXBuildFile; fileRef = 1B53019E1958B8300018DCF1 /* settingsScreenshot.png */; };
		1B7880DA1940EBED00333ED5 /* MyUPInitTableViewCell.m in Sources */ = {isa = PBXBuildFile; fileRef = 1B7880D81940EBED00333ED5 /* MyUPInitTableViewCell.m */; };
		1B7880DB1940EBED00333ED5 /* MyUPInitTableViewCell.xib in Resources */ = {isa = PBXBuildFile; fileRef = 1B7880D91940EBED00333ED5 /* MyUPInitTableViewCell.xib */; };
		1B7880E01940EC8B00333ED5 /* ContactUPViewController.m in Sources */ = {isa = PBXBuildFile; fileRef = 1B7880DE1940EC8B00333ED5 /* ContactUPViewController.m */; };
		1B7880E11940EC8B00333ED5 /* ContactUPViewController.xib in Resources */ = {isa = PBXBuildFile; fileRef = 1B7880DF1940EC8B00333ED5 /* ContactUPViewController.xib */; };
		1B7880E61940EE9000333ED5 /* Contact_filled.png in Resources */ = {isa = PBXBuildFile; fileRef = 1B7880E21940EE9000333ED5 /* Contact_filled.png */; };
		1B7880E71940EE9000333ED5 /* Contact_filled@2x.png in Resources */ = {isa = PBXBuildFile; fileRef = 1B7880E31940EE9000333ED5 /* Contact_filled@2x.png */; };
		1B7880E81940EE9000333ED5 /* Contact.png in Resources */ = {isa = PBXBuildFile; fileRef = 1B7880E41940EE9000333ED5 /* Contact.png */; };
		1B7880E91940EE9000333ED5 /* Contact@2x.png in Resources */ = {isa = PBXBuildFile; fileRef = 1B7880E51940EE9000333ED5 /* Contact@2x.png */; };
		1B7880EB1940F8B500333ED5 /* UP.jpg in Resources */ = {isa = PBXBuildFile; fileRef = 1B7880EA1940F8B500333ED5 /* UP.jpg */; };
		1B7880F1194105CE00333ED5 /* Pencil_filled.png in Resources */ = {isa = PBXBuildFile; fileRef = 1B7880ED194105CE00333ED5 /* Pencil_filled.png */; };
		1B7880F2194105CE00333ED5 /* Pencil_filled@2x.png in Resources */ = {isa = PBXBuildFile; fileRef = 1B7880EE194105CE00333ED5 /* Pencil_filled@2x.png */; };
		1B7880F3194105CE00333ED5 /* Pencil.png in Resources */ = {isa = PBXBuildFile; fileRef = 1B7880EF194105CE00333ED5 /* Pencil.png */; };
		1B7880F4194105CE00333ED5 /* Pencil@2x.png in Resources */ = {isa = PBXBuildFile; fileRef = 1B7880F0194105CE00333ED5 /* Pencil@2x.png */; };
		1B9D2B5C1949E9B000B09316 /* SettingsViewController.m in Sources */ = {isa = PBXBuildFile; fileRef = 1B9D2B5A1949E9B000B09316 /* SettingsViewController.m */; };
		1B9D2B5D1949E9B000B09316 /* SettingsViewController.xib in Resources */ = {isa = PBXBuildFile; fileRef = 1B9D2B5B1949E9B000B09316 /* SettingsViewController.xib */; };
		1BA9FE5E193E1D28008F8981 /* AboutUPViewController.xib in Resources */ = {isa = PBXBuildFile; fileRef = 1BA9FE5D193E1D28008F8981 /* AboutUPViewController.xib */; };
		1BA9FE68193E244B008F8981 /* PriorFeedbackTableViewCell.m in Sources */ = {isa = PBXBuildFile; fileRef = 1BA9FE66193E244B008F8981 /* PriorFeedbackTableViewCell.m */; };
		1BA9FE69193E244B008F8981 /* PriorFeedbackTableViewCell.xib in Resources */ = {isa = PBXBuildFile; fileRef = 1BA9FE67193E244B008F8981 /* PriorFeedbackTableViewCell.xib */; };
		1BACD34A1937E39700DF7081 /* Foundation.framework in Frameworks */ = {isa = PBXBuildFile; fileRef = 1BACD3491937E39700DF7081 /* Foundation.framework */; };
		1BACD34C1937E39700DF7081 /* CoreGraphics.framework in Frameworks */ = {isa = PBXBuildFile; fileRef = 1BACD34B1937E39700DF7081 /* CoreGraphics.framework */; };
		1BACD34E1937E39700DF7081 /* UIKit.framework in Frameworks */ = {isa = PBXBuildFile; fileRef = 1BACD34D1937E39700DF7081 /* UIKit.framework */; };
		1BACD3541937E39700DF7081 /* InfoPlist.strings in Resources */ = {isa = PBXBuildFile; fileRef = 1BACD3521937E39700DF7081 /* InfoPlist.strings */; };
		1BACD3561937E39700DF7081 /* main.m in Sources */ = {isa = PBXBuildFile; fileRef = 1BACD3551937E39700DF7081 /* main.m */; };
		1BACD35A1937E39700DF7081 /* AppDelegate.m in Sources */ = {isa = PBXBuildFile; fileRef = 1BACD3591937E39700DF7081 /* AppDelegate.m */; };
		1BACD35C1937E39700DF7081 /* Images.xcassets in Resources */ = {isa = PBXBuildFile; fileRef = 1BACD35B1937E39700DF7081 /* Images.xcassets */; };
		1BACD3631937E39700DF7081 /* XCTest.framework in Frameworks */ = {isa = PBXBuildFile; fileRef = 1BACD3621937E39700DF7081 /* XCTest.framework */; };
		1BACD3641937E39700DF7081 /* Foundation.framework in Frameworks */ = {isa = PBXBuildFile; fileRef = 1BACD3491937E39700DF7081 /* Foundation.framework */; };
		1BACD3651937E39700DF7081 /* UIKit.framework in Frameworks */ = {isa = PBXBuildFile; fileRef = 1BACD34D1937E39700DF7081 /* UIKit.framework */; };
		1BACD36D1937E39700DF7081 /* InfoPlist.strings in Resources */ = {isa = PBXBuildFile; fileRef = 1BACD36B1937E39700DF7081 /* InfoPlist.strings */; };
		1BACD36F1937E39700DF7081 /* UniversityProgramsTests.m in Sources */ = {isa = PBXBuildFile; fileRef = 1BACD36E1937E39700DF7081 /* UniversityProgramsTests.m */; };
		1BAD1A38193CC2B9006D24AD /* Event.m in Sources */ = {isa = PBXBuildFile; fileRef = 1BAD1A37193CC2B9006D24AD /* Event.m */; };
		1BAD1A3B193CC2C9006D24AD /* Comment.m in Sources */ = {isa = PBXBuildFile; fileRef = 1BAD1A3A193CC2C9006D24AD /* Comment.m */; };
		1BAD1A43193CCCBA006D24AD /* MyUPViewController.m in Sources */ = {isa = PBXBuildFile; fileRef = 1BAD1A41193CCCBA006D24AD /* MyUPViewController.m */; };
		1BAD1A44193CCCBA006D24AD /* MyUPViewController.xib in Resources */ = {isa = PBXBuildFile; fileRef = 1BAD1A42193CCCBA006D24AD /* MyUPViewController.xib */; };
		1BAD1A49193CCDEA006D24AD /* UserInfoViewController.m in Sources */ = {isa = PBXBuildFile; fileRef = 1BAD1A47193CCDEA006D24AD /* UserInfoViewController.m */; };
		1BAD1A4A193CCDEA006D24AD /* UserInfoViewController.xib in Resources */ = {isa = PBXBuildFile; fileRef = 1BAD1A48193CCDEA006D24AD /* UserInfoViewController.xib */; };
		1BAD1A4F193CD385006D24AD /* SpecificEventViewController.m in Sources */ = {isa = PBXBuildFile; fileRef = 1BAD1A4D193CD385006D24AD /* SpecificEventViewController.m */; };
		1BAD1A50193CD385006D24AD /* SpecificEventViewController.xib in Resources */ = {isa = PBXBuildFile; fileRef = 1BAD1A4E193CD385006D24AD /* SpecificEventViewController.xib */; };
		1BAE3B4A19463A690006AEFD /* Telephone.png in Resources */ = {isa = PBXBuildFile; fileRef = 1BAE3B4819463A690006AEFD /* Telephone.png */; };
		1BAE3B4B19463A690006AEFD /* Telephone@2x.png in Resources */ = {isa = PBXBuildFile; fileRef = 1BAE3B4919463A690006AEFD /* Telephone@2x.png */; };
		1BAE3B4E19463AAA0006AEFD /* Email.png in Resources */ = {isa = PBXBuildFile; fileRef = 1BAE3B4C19463AAA0006AEFD /* Email.png */; };
		1BAE3B4F19463AAA0006AEFD /* Email@2x.png in Resources */ = {isa = PBXBuildFile; fileRef = 1BAE3B4D19463AAA0006AEFD /* Email@2x.png */; };
		1BAE3B53194651DE0006AEFD /* AddressTableViewCell.m in Sources */ = {isa = PBXBuildFile; fileRef = 1BAE3B51194651DE0006AEFD /* AddressTableViewCell.m */; };
		1BAE3B54194651DE0006AEFD /* AddressTableViewCell.xib in Resources */ = {isa = PBXBuildFile; fileRef = 1BAE3B52194651DE0006AEFD /* AddressTableViewCell.xib */; };
		1BB198C0193F99F70017A1D6 /* Cog_filled.png in Resources */ = {isa = PBXBuildFile; fileRef = 1BB198BC193F99F70017A1D6 /* Cog_filled.png */; };
		1BB198C1193F99F70017A1D6 /* Cog_filled@2x.png in Resources */ = {isa = PBXBuildFile; fileRef = 1BB198BD193F99F70017A1D6 /* Cog_filled@2x.png */; };
		1BB198C2193F99F70017A1D6 /* Cog.png in Resources */ = {isa = PBXBuildFile; fileRef = 1BB198BE193F99F70017A1D6 /* Cog.png */; };
		1BB198C3193F99F70017A1D6 /* Cog@2x.png in Resources */ = {isa = PBXBuildFile; fileRef = 1BB198BF193F99F70017A1D6 /* Cog@2x.png */; };
		1BB198C6193F9AB60017A1D6 /* UPNavigationViewController.m in Sources */ = {isa = PBXBuildFile; fileRef = 1BB198C5193F9AB60017A1D6 /* UPNavigationViewController.m */; };
		1BB198C9193FA4530017A1D6 /* UIColor+UPColors.m in Sources */ = {isa = PBXBuildFile; fileRef = 1BB198C8193FA4530017A1D6 /* UIColor+UPColors.m */; };
		1BB198CC193FA54A0017A1D6 /* UPViewController.m in Sources */ = {isa = PBXBuildFile; fileRef = 1BB198CB193FA54A0017A1D6 /* UPViewController.m */; };
		1BB198D1193FA9F00017A1D6 /* Calendar_filled.png in Resources */ = {isa = PBXBuildFile; fileRef = 1BB198CD193FA9F00017A1D6 /* Calendar_filled.png */; };
		1BB198D2193FA9F00017A1D6 /* Calendar_filled@2x.png in Resources */ = {isa = PBXBuildFile; fileRef = 1BB198CE193FA9F00017A1D6 /* Calendar_filled@2x.png */; };
		1BB198D3193FA9F00017A1D6 /* Calendar.png in Resources */ = {isa = PBXBuildFile; fileRef = 1BB198CF193FA9F00017A1D6 /* Calendar.png */; };
		1BB198D4193FA9F00017A1D6 /* Calendar@2x.png in Resources */ = {isa = PBXBuildFile; fileRef = 1BB198D0193FA9F00017A1D6 /* Calendar@2x.png */; };
		1BB198D9193FAA580017A1D6 /* Info_filled.png in Resources */ = {isa = PBXBuildFile; fileRef = 1BB198D5193FAA580017A1D6 /* Info_filled.png */; };
		1BB198DA193FAA580017A1D6 /* Info_filled@2x.png in Resources */ = {isa = PBXBuildFile; fileRef = 1BB198D6193FAA580017A1D6 /* Info_filled@2x.png */; };
		1BB198DB193FAA580017A1D6 /* Info.png in Resources */ = {isa = PBXBuildFile; fileRef = 1BB198D7193FAA580017A1D6 /* Info.png */; };
		1BB198DC193FAA580017A1D6 /* Info@2x.png in Resources */ = {isa = PBXBuildFile; fileRef = 1BB198D8193FAA580017A1D6 /* Info@2x.png */; };
		1BB198E0193FB88E0017A1D6 /* RegistrantDTO.m in Sources */ = {isa = PBXBuildFile; fileRef = 1BB198DF193FB88E0017A1D6 /* RegistrantDTO.m */; };
		1BB198E3193FC4900017A1D6 /* LocationDTO.m in Sources */ = {isa = PBXBuildFile; fileRef = 1BB198E2193FC4900017A1D6 /* LocationDTO.m */; };
		1BBE0DDA195B187F004BA930 /* IntroPanel.m in Sources */ = {isa = PBXBuildFile; fileRef = 1BBE0DD9195B187F004BA930 /* IntroPanel.m */; };
		1BD199A4195C66E200083AB7 /* aboutScreenshot.png in Resources */ = {isa = PBXBuildFile; fileRef = 1BD199A2195C66E200083AB7 /* aboutScreenshot.png */; };
		1BD199A5195C66E200083AB7 /* contactScreenshot.png in Resources */ = {isa = PBXBuildFile; fileRef = 1BD199A3195C66E200083AB7 /* contactScreenshot.png */; };
		1BD4C8111942626300BE6566 /* GetInvolvedCellData.m in Sources */ = {isa = PBXBuildFile; fileRef = 1BD4C8101942626300BE6566 /* GetInvolvedCellData.m */; };
		1BD4C8151942658F00BE6566 /* GetInvolvedTableViewCell.m in Sources */ = {isa = PBXBuildFile; fileRef = 1BD4C8131942658F00BE6566 /* GetInvolvedTableViewCell.m */; };
		1BD4C8161942658F00BE6566 /* GetInvolvedTableViewCell.xib in Resources */ = {isa = PBXBuildFile; fileRef = 1BD4C8141942658F00BE6566 /* GetInvolvedTableViewCell.xib */; };
		1BEC1BF9193914BE009DADEF /* UPDataRetrieval.m in Sources */ = {isa = PBXBuildFile; fileRef = 1BEC1BF8193914BE009DADEF /* UPDataRetrieval.m */; };
		1BEC1BFF1939183C009DADEF /* NSObject+ObjectMap.m in Sources */ = {isa = PBXBuildFile; fileRef = 1BEC1BFE1939183C009DADEF /* NSObject+ObjectMap.m */; };
		1F52AA941954DB4D0074A83E /* up_splash4.png in Resources */ = {isa = PBXBuildFile; fileRef = 1F52AA901954DB4D0074A83E /* up_splash4.png */; };
		1F75DCAD1954DBB2007A24E5 /* up_splash35.png in Resources */ = {isa = PBXBuildFile; fileRef = 1F75DCAC1954DBB2007A24E5 /* up_splash35.png */; };
		1F75DCB11954DC07007A24E5 /* icon_58.png in Resources */ = {isa = PBXBuildFile; fileRef = 1F75DCAE1954DC07007A24E5 /* icon_58.png */; };
		1F75DCB21954DC07007A24E5 /* icon_80.png in Resources */ = {isa = PBXBuildFile; fileRef = 1F75DCAF1954DC07007A24E5 /* icon_80.png */; };
		1F75DCB31954DC07007A24E5 /* icon_120.png in Resources */ = {isa = PBXBuildFile; fileRef = 1F75DCB01954DC07007A24E5 /* icon_120.png */; };
		2CF2483000C64B358D0576BC /* libPods.a in Frameworks */ = {isa = PBXBuildFile; fileRef = C94E53E6222648D7B30F9FE7 /* libPods.a */; };
/* End PBXBuildFile section */

/* Begin PBXContainerItemProxy section */
		1BACD3661937E39700DF7081 /* PBXContainerItemProxy */ = {
			isa = PBXContainerItemProxy;
			containerPortal = 1BACD33E1937E39700DF7081 /* Project object */;
			proxyType = 1;
			remoteGlobalIDString = 1BACD3451937E39700DF7081;
			remoteInfo = UniversityPrograms;
		};
/* End PBXContainerItemProxy section */

/* Begin PBXFileReference section */
		1B0A690E1938D520005C821D /* UpcomingEventViewController.h */ = {isa = PBXFileReference; fileEncoding = 4; lastKnownFileType = sourcecode.c.h; path = UpcomingEventViewController.h; sourceTree = "<group>"; };
		1B0A690F1938D520005C821D /* UpcomingEventViewController.m */ = {isa = PBXFileReference; fileEncoding = 4; lastKnownFileType = sourcecode.c.objc; path = UpcomingEventViewController.m; sourceTree = "<group>"; };
		1B0A69101938D520005C821D /* UpcomingEventViewController.xib */ = {isa = PBXFileReference; fileEncoding = 4; lastKnownFileType = file.xib; path = UpcomingEventViewController.xib; sourceTree = "<group>"; };
		1B0A69131938D552005C821D /* CommentViewController.h */ = {isa = PBXFileReference; fileEncoding = 4; lastKnownFileType = sourcecode.c.h; path = CommentViewController.h; sourceTree = "<group>"; };
		1B0A69141938D552005C821D /* CommentViewController.m */ = {isa = PBXFileReference; fileEncoding = 4; lastKnownFileType = sourcecode.c.objc; path = CommentViewController.m; sourceTree = "<group>"; };
		1B0A69151938D552005C821D /* CommentViewController.xib */ = {isa = PBXFileReference; fileEncoding = 4; lastKnownFileType = file.xib; path = CommentViewController.xib; sourceTree = "<group>"; };
		1B0A69191938D58C005C821D /* AboutUPViewController.h */ = {isa = PBXFileReference; fileEncoding = 4; lastKnownFileType = sourcecode.c.h; path = AboutUPViewController.h; sourceTree = "<group>"; };
		1B0A691A1938D58C005C821D /* AboutUPViewController.m */ = {isa = PBXFileReference; fileEncoding = 4; lastKnownFileType = sourcecode.c.objc; path = AboutUPViewController.m; sourceTree = "<group>"; };
		1B0A691E1938DA8B005C821D /* UpcomingEventsTableViewCell.h */ = {isa = PBXFileReference; fileEncoding = 4; lastKnownFileType = sourcecode.c.h; path = UpcomingEventsTableViewCell.h; sourceTree = "<group>"; };
		1B0A691F1938DA8B005C821D /* UpcomingEventsTableViewCell.m */ = {isa = PBXFileReference; fileEncoding = 4; lastKnownFileType = sourcecode.c.objc; path = UpcomingEventsTableViewCell.m; sourceTree = "<group>"; };
		1B0A69201938DA8B005C821D /* UpcomingEventsTableViewCell.xib */ = {isa = PBXFileReference; fileEncoding = 4; lastKnownFileType = file.xib; path = UpcomingEventsTableViewCell.xib; sourceTree = "<group>"; };
		1B1672C11947BF5F001449CD /* UPTabbarViewController.h */ = {isa = PBXFileReference; fileEncoding = 4; lastKnownFileType = sourcecode.c.h; path = UPTabbarViewController.h; sourceTree = "<group>"; };
		1B1672C21947BF5F001449CD /* UPTabbarViewController.m */ = {isa = PBXFileReference; fileEncoding = 4; lastKnownFileType = sourcecode.c.objc; path = UPTabbarViewController.m; sourceTree = "<group>"; };
		1B16EB1619586E57007E9B6B /* Social.framework */ = {isa = PBXFileReference; lastKnownFileType = wrapper.framework; name = Social.framework; path = System/Library/Frameworks/Social.framework; sourceTree = SDKROOT; };
		1B16EB1819586F98007E9B6B /* Accounts.framework */ = {isa = PBXFileReference; lastKnownFileType = wrapper.framework; name = Accounts.framework; path = System/Library/Frameworks/Accounts.framework; sourceTree = SDKROOT; };
		1B38F299193F6FD2005158D1 /* UPWebserviceConstants.h */ = {isa = PBXFileReference; lastKnownFileType = sourcecode.c.h; path = UPWebserviceConstants.h; sourceTree = "<group>"; };
		1B400F2D1951DA5F0019FB58 /* ContactUPMapViewController.h */ = {isa = PBXFileReference; fileEncoding = 4; lastKnownFileType = sourcecode.c.h; path = ContactUPMapViewController.h; sourceTree = "<group>"; };
		1B400F2E1951DA5F0019FB58 /* ContactUPMapViewController.m */ = {isa = PBXFileReference; fileEncoding = 4; lastKnownFileType = sourcecode.c.objc; path = ContactUPMapViewController.m; sourceTree = "<group>"; };
		1B400F2F1951DA5F0019FB58 /* ContactUPMapViewController.xib */ = {isa = PBXFileReference; fileEncoding = 4; lastKnownFileType = file.xib; path = ContactUPMapViewController.xib; sourceTree = "<group>"; };
		1B400F321951DDCD0019FB58 /* MapKit.framework */ = {isa = PBXFileReference; lastKnownFileType = wrapper.framework; name = MapKit.framework; path = System/Library/Frameworks/MapKit.framework; sourceTree = SDKROOT; };
		1B400F381951E5A20019FB58 /* MapPin.png */ = {isa = PBXFileReference; lastKnownFileType = image.png; path = MapPin.png; sourceTree = "<group>"; };
		1B400F391951E5A20019FB58 /* MapPin@2x.png */ = {isa = PBXFileReference; lastKnownFileType = image.png; path = "MapPin@2x.png"; sourceTree = "<group>"; };
		1B400F3C195224950019FB58 /* Twitter_filled.png */ = {isa = PBXFileReference; lastKnownFileType = image.png; path = Twitter_filled.png; sourceTree = "<group>"; };
		1B400F3D195224950019FB58 /* Twitter_filled@2x.png */ = {isa = PBXFileReference; lastKnownFileType = image.png; path = "Twitter_filled@2x.png"; sourceTree = "<group>"; };
		1B400F3E195224950019FB58 /* Twitter.png */ = {isa = PBXFileReference; lastKnownFileType = image.png; path = Twitter.png; sourceTree = "<group>"; };
		1B400F3F195224950019FB58 /* Twitter@2x.png */ = {isa = PBXFileReference; lastKnownFileType = image.png; path = "Twitter@2x.png"; sourceTree = "<group>"; };
		1B400F44195225350019FB58 /* Facebook_filled.png */ = {isa = PBXFileReference; lastKnownFileType = image.png; path = Facebook_filled.png; sourceTree = "<group>"; };
		1B400F45195225350019FB58 /* Facebook_filled@2x.png */ = {isa = PBXFileReference; lastKnownFileType = image.png; path = "Facebook_filled@2x.png"; sourceTree = "<group>"; };
		1B400F46195225350019FB58 /* Facebook.png */ = {isa = PBXFileReference; lastKnownFileType = image.png; path = Facebook.png; sourceTree = "<group>"; };
		1B400F47195225350019FB58 /* Facebook@2x.png */ = {isa = PBXFileReference; lastKnownFileType = image.png; path = "Facebook@2x.png"; sourceTree = "<group>"; };
		1B48B56519421640008F5186 /* DirectoryTableViewCell.h */ = {isa = PBXFileReference; fileEncoding = 4; lastKnownFileType = sourcecode.c.h; path = DirectoryTableViewCell.h; sourceTree = "<group>"; };
		1B48B56619421640008F5186 /* DirectoryTableViewCell.m */ = {isa = PBXFileReference; fileEncoding = 4; lastKnownFileType = sourcecode.c.objc; path = DirectoryTableViewCell.m; sourceTree = "<group>"; };
		1B48B56719421640008F5186 /* DirectoryTableViewCell.xib */ = {isa = PBXFileReference; fileEncoding = 4; lastKnownFileType = file.xib; path = DirectoryTableViewCell.xib; sourceTree = "<group>"; };
		1B48B56A19421C8F008F5186 /* Employee.h */ = {isa = PBXFileReference; fileEncoding = 4; lastKnownFileType = sourcecode.c.h; path = Employee.h; sourceTree = "<group>"; };
		1B48B56B19421C8F008F5186 /* Employee.m */ = {isa = PBXFileReference; fileEncoding = 4; lastKnownFileType = sourcecode.c.objc; path = Employee.m; sourceTree = "<group>"; };
		1B48B56D194243F9008F5186 /* UnRSVPDTO.h */ = {isa = PBXFileReference; fileEncoding = 4; lastKnownFileType = sourcecode.c.h; path = UnRSVPDTO.h; sourceTree = "<group>"; };
		1B48B56E194243F9008F5186 /* UnRSVPDTO.m */ = {isa = PBXFileReference; fileEncoding = 4; lastKnownFileType = sourcecode.c.objc; path = UnRSVPDTO.m; sourceTree = "<group>"; };
		1B53018A19587DFE0018DCF1 /* IntroPanel1.xib */ = {isa = PBXFileReference; fileEncoding = 4; lastKnownFileType = file.xib; path = IntroPanel1.xib; sourceTree = "<group>"; };
		1B5301921958AA430018DCF1 /* eventsScreenshot.png */ = {isa = PBXFileReference; lastKnownFileType = image.png; path = eventsScreenshot.png; sourceTree = "<group>"; };
		1B5301941958AC360018DCF1 /* specificScreenshot.png */ = {isa = PBXFileReference; lastKnownFileType = image.png; path = specificScreenshot.png; sourceTree = "<group>"; };
		1B5301961958AE030018DCF1 /* rsvpScreenshot.png */ = {isa = PBXFileReference; lastKnownFileType = image.png; path = rsvpScreenshot.png; sourceTree = "<group>"; };
		1B5301981958AFF60018DCF1 /* userInfoScreenshot.png */ = {isa = PBXFileReference; lastKnownFileType = image.png; path = userInfoScreenshot.png; sourceTree = "<group>"; };
		1B53019A1958B0960018DCF1 /* commentScreenshot.png */ = {isa = PBXFileReference; lastKnownFileType = image.png; path = commentScreenshot.png; sourceTree = "<group>"; };
		1B53019C1958B7650018DCF1 /* myUserScreenshot.png */ = {isa = PBXFileReference; lastKnownFileType = image.png; path = myUserScreenshot.png; sourceTree = "<group>"; };
		1B53019E1958B8300018DCF1 /* settingsScreenshot.png */ = {isa = PBXFileReference; lastKnownFileType = image.png; path = settingsScreenshot.png; sourceTree = "<group>"; };
		1B7880D71940EBED00333ED5 /* MyUPInitTableViewCell.h */ = {isa = PBXFileReference; fileEncoding = 4; lastKnownFileType = sourcecode.c.h; path = MyUPInitTableViewCell.h; sourceTree = "<group>"; };
		1B7880D81940EBED00333ED5 /* MyUPInitTableViewCell.m */ = {isa = PBXFileReference; fileEncoding = 4; lastKnownFileType = sourcecode.c.objc; path = MyUPInitTableViewCell.m; sourceTree = "<group>"; };
		1B7880D91940EBED00333ED5 /* MyUPInitTableViewCell.xib */ = {isa = PBXFileReference; fileEncoding = 4; lastKnownFileType = file.xib; path = MyUPInitTableViewCell.xib; sourceTree = "<group>"; };
		1B7880DD1940EC8B00333ED5 /* ContactUPViewController.h */ = {isa = PBXFileReference; fileEncoding = 4; lastKnownFileType = sourcecode.c.h; path = ContactUPViewController.h; sourceTree = "<group>"; };
		1B7880DE1940EC8B00333ED5 /* ContactUPViewController.m */ = {isa = PBXFileReference; fileEncoding = 4; lastKnownFileType = sourcecode.c.objc; path = ContactUPViewController.m; sourceTree = "<group>"; };
		1B7880DF1940EC8B00333ED5 /* ContactUPViewController.xib */ = {isa = PBXFileReference; fileEncoding = 4; lastKnownFileType = file.xib; path = ContactUPViewController.xib; sourceTree = "<group>"; };
		1B7880E21940EE9000333ED5 /* Contact_filled.png */ = {isa = PBXFileReference; lastKnownFileType = image.png; path = Contact_filled.png; sourceTree = "<group>"; };
		1B7880E31940EE9000333ED5 /* Contact_filled@2x.png */ = {isa = PBXFileReference; lastKnownFileType = image.png; path = "Contact_filled@2x.png"; sourceTree = "<group>"; };
		1B7880E41940EE9000333ED5 /* Contact.png */ = {isa = PBXFileReference; lastKnownFileType = image.png; path = Contact.png; sourceTree = "<group>"; };
		1B7880E51940EE9000333ED5 /* Contact@2x.png */ = {isa = PBXFileReference; lastKnownFileType = image.png; path = "Contact@2x.png"; sourceTree = "<group>"; };
		1B7880EA1940F8B500333ED5 /* UP.jpg */ = {isa = PBXFileReference; lastKnownFileType = image.jpeg; path = UP.jpg; sourceTree = "<group>"; };
		1B7880ED194105CE00333ED5 /* Pencil_filled.png */ = {isa = PBXFileReference; lastKnownFileType = image.png; path = Pencil_filled.png; sourceTree = "<group>"; };
		1B7880EE194105CE00333ED5 /* Pencil_filled@2x.png */ = {isa = PBXFileReference; lastKnownFileType = image.png; path = "Pencil_filled@2x.png"; sourceTree = "<group>"; };
		1B7880EF194105CE00333ED5 /* Pencil.png */ = {isa = PBXFileReference; lastKnownFileType = image.png; path = Pencil.png; sourceTree = "<group>"; };
		1B7880F0194105CE00333ED5 /* Pencil@2x.png */ = {isa = PBXFileReference; lastKnownFileType = image.png; path = "Pencil@2x.png"; sourceTree = "<group>"; };
		1B9D2B591949E9B000B09316 /* SettingsViewController.h */ = {isa = PBXFileReference; fileEncoding = 4; lastKnownFileType = sourcecode.c.h; path = SettingsViewController.h; sourceTree = "<group>"; };
		1B9D2B5A1949E9B000B09316 /* SettingsViewController.m */ = {isa = PBXFileReference; fileEncoding = 4; lastKnownFileType = sourcecode.c.objc; path = SettingsViewController.m; sourceTree = "<group>"; };
		1B9D2B5B1949E9B000B09316 /* SettingsViewController.xib */ = {isa = PBXFileReference; fileEncoding = 4; lastKnownFileType = file.xib; path = SettingsViewController.xib; sourceTree = "<group>"; };
		1BA9FE5D193E1D28008F8981 /* AboutUPViewController.xib */ = {isa = PBXFileReference; fileEncoding = 4; lastKnownFileType = file.xib; path = AboutUPViewController.xib; sourceTree = "<group>"; };
		1BA9FE65193E244B008F8981 /* PriorFeedbackTableViewCell.h */ = {isa = PBXFileReference; fileEncoding = 4; lastKnownFileType = sourcecode.c.h; path = PriorFeedbackTableViewCell.h; sourceTree = "<group>"; };
		1BA9FE66193E244B008F8981 /* PriorFeedbackTableViewCell.m */ = {isa = PBXFileReference; fileEncoding = 4; lastKnownFileType = sourcecode.c.objc; path = PriorFeedbackTableViewCell.m; sourceTree = "<group>"; };
		1BA9FE67193E244B008F8981 /* PriorFeedbackTableViewCell.xib */ = {isa = PBXFileReference; fileEncoding = 4; lastKnownFileType = file.xib; path = PriorFeedbackTableViewCell.xib; sourceTree = "<group>"; };
		1BACD3461937E39700DF7081 /* UniversityPrograms.app */ = {isa = PBXFileReference; explicitFileType = wrapper.application; includeInIndex = 0; path = UniversityPrograms.app; sourceTree = BUILT_PRODUCTS_DIR; };
		1BACD3491937E39700DF7081 /* Foundation.framework */ = {isa = PBXFileReference; lastKnownFileType = wrapper.framework; name = Foundation.framework; path = System/Library/Frameworks/Foundation.framework; sourceTree = SDKROOT; };
		1BACD34B1937E39700DF7081 /* CoreGraphics.framework */ = {isa = PBXFileReference; lastKnownFileType = wrapper.framework; name = CoreGraphics.framework; path = System/Library/Frameworks/CoreGraphics.framework; sourceTree = SDKROOT; };
		1BACD34D1937E39700DF7081 /* UIKit.framework */ = {isa = PBXFileReference; lastKnownFileType = wrapper.framework; name = UIKit.framework; path = System/Library/Frameworks/UIKit.framework; sourceTree = SDKROOT; };
		1BACD3511937E39700DF7081 /* UniversityPrograms-Info.plist */ = {isa = PBXFileReference; lastKnownFileType = text.plist.xml; path = "UniversityPrograms-Info.plist"; sourceTree = "<group>"; };
		1BACD3531937E39700DF7081 /* en */ = {isa = PBXFileReference; lastKnownFileType = text.plist.strings; name = en; path = en.lproj/InfoPlist.strings; sourceTree = "<group>"; };
		1BACD3551937E39700DF7081 /* main.m */ = {isa = PBXFileReference; lastKnownFileType = sourcecode.c.objc; path = main.m; sourceTree = "<group>"; };
		1BACD3571937E39700DF7081 /* UniversityPrograms-Prefix.pch */ = {isa = PBXFileReference; lastKnownFileType = sourcecode.c.h; path = "UniversityPrograms-Prefix.pch"; sourceTree = "<group>"; };
		1BACD3581937E39700DF7081 /* AppDelegate.h */ = {isa = PBXFileReference; lastKnownFileType = sourcecode.c.h; path = AppDelegate.h; sourceTree = "<group>"; };
		1BACD3591937E39700DF7081 /* AppDelegate.m */ = {isa = PBXFileReference; lastKnownFileType = sourcecode.c.objc; path = AppDelegate.m; sourceTree = "<group>"; };
		1BACD35B1937E39700DF7081 /* Images.xcassets */ = {isa = PBXFileReference; lastKnownFileType = folder.assetcatalog; path = Images.xcassets; sourceTree = "<group>"; };
		1BACD3611937E39700DF7081 /* UniversityProgramsTests.xctest */ = {isa = PBXFileReference; explicitFileType = wrapper.cfbundle; includeInIndex = 0; path = UniversityProgramsTests.xctest; sourceTree = BUILT_PRODUCTS_DIR; };
		1BACD3621937E39700DF7081 /* XCTest.framework */ = {isa = PBXFileReference; lastKnownFileType = wrapper.framework; name = XCTest.framework; path = Library/Frameworks/XCTest.framework; sourceTree = DEVELOPER_DIR; };
		1BACD36A1937E39700DF7081 /* UniversityProgramsTests-Info.plist */ = {isa = PBXFileReference; lastKnownFileType = text.plist.xml; path = "UniversityProgramsTests-Info.plist"; sourceTree = "<group>"; };
		1BACD36C1937E39700DF7081 /* en */ = {isa = PBXFileReference; lastKnownFileType = text.plist.strings; name = en; path = en.lproj/InfoPlist.strings; sourceTree = "<group>"; };
		1BACD36E1937E39700DF7081 /* UniversityProgramsTests.m */ = {isa = PBXFileReference; lastKnownFileType = sourcecode.c.objc; path = UniversityProgramsTests.m; sourceTree = "<group>"; };
		1BAD1A36193CC2B9006D24AD /* Event.h */ = {isa = PBXFileReference; fileEncoding = 4; lastKnownFileType = sourcecode.c.h; path = Event.h; sourceTree = "<group>"; };
		1BAD1A37193CC2B9006D24AD /* Event.m */ = {isa = PBXFileReference; fileEncoding = 4; lastKnownFileType = sourcecode.c.objc; path = Event.m; sourceTree = "<group>"; };
		1BAD1A39193CC2C9006D24AD /* Comment.h */ = {isa = PBXFileReference; fileEncoding = 4; lastKnownFileType = sourcecode.c.h; path = Comment.h; sourceTree = "<group>"; };
		1BAD1A3A193CC2C9006D24AD /* Comment.m */ = {isa = PBXFileReference; fileEncoding = 4; lastKnownFileType = sourcecode.c.objc; path = Comment.m; sourceTree = "<group>"; };
		1BAD1A40193CCCBA006D24AD /* MyUPViewController.h */ = {isa = PBXFileReference; fileEncoding = 4; lastKnownFileType = sourcecode.c.h; path = MyUPViewController.h; sourceTree = "<group>"; };
		1BAD1A41193CCCBA006D24AD /* MyUPViewController.m */ = {isa = PBXFileReference; fileEncoding = 4; lastKnownFileType = sourcecode.c.objc; path = MyUPViewController.m; sourceTree = "<group>"; };
		1BAD1A42193CCCBA006D24AD /* MyUPViewController.xib */ = {isa = PBXFileReference; fileEncoding = 4; lastKnownFileType = file.xib; path = MyUPViewController.xib; sourceTree = "<group>"; };
		1BAD1A46193CCDEA006D24AD /* UserInfoViewController.h */ = {isa = PBXFileReference; fileEncoding = 4; lastKnownFileType = sourcecode.c.h; path = UserInfoViewController.h; sourceTree = "<group>"; };
		1BAD1A47193CCDEA006D24AD /* UserInfoViewController.m */ = {isa = PBXFileReference; fileEncoding = 4; lastKnownFileType = sourcecode.c.objc; path = UserInfoViewController.m; sourceTree = "<group>"; };
		1BAD1A48193CCDEA006D24AD /* UserInfoViewController.xib */ = {isa = PBXFileReference; fileEncoding = 4; lastKnownFileType = file.xib; path = UserInfoViewController.xib; sourceTree = "<group>"; };
		1BAD1A4C193CD385006D24AD /* SpecificEventViewController.h */ = {isa = PBXFileReference; fileEncoding = 4; lastKnownFileType = sourcecode.c.h; path = SpecificEventViewController.h; sourceTree = "<group>"; };
		1BAD1A4D193CD385006D24AD /* SpecificEventViewController.m */ = {isa = PBXFileReference; fileEncoding = 4; lastKnownFileType = sourcecode.c.objc; path = SpecificEventViewController.m; sourceTree = "<group>"; };
		1BAD1A4E193CD385006D24AD /* SpecificEventViewController.xib */ = {isa = PBXFileReference; fileEncoding = 4; lastKnownFileType = file.xib; path = SpecificEventViewController.xib; sourceTree = "<group>"; };
		1BAE3B4819463A690006AEFD /* Telephone.png */ = {isa = PBXFileReference; lastKnownFileType = image.png; path = Telephone.png; sourceTree = "<group>"; };
		1BAE3B4919463A690006AEFD /* Telephone@2x.png */ = {isa = PBXFileReference; lastKnownFileType = image.png; path = "Telephone@2x.png"; sourceTree = "<group>"; };
		1BAE3B4C19463AAA0006AEFD /* Email.png */ = {isa = PBXFileReference; lastKnownFileType = image.png; path = Email.png; sourceTree = "<group>"; };
		1BAE3B4D19463AAA0006AEFD /* Email@2x.png */ = {isa = PBXFileReference; lastKnownFileType = image.png; path = "Email@2x.png"; sourceTree = "<group>"; };
		1BAE3B50194651DE0006AEFD /* AddressTableViewCell.h */ = {isa = PBXFileReference; fileEncoding = 4; lastKnownFileType = sourcecode.c.h; path = AddressTableViewCell.h; sourceTree = "<group>"; };
		1BAE3B51194651DE0006AEFD /* AddressTableViewCell.m */ = {isa = PBXFileReference; fileEncoding = 4; lastKnownFileType = sourcecode.c.objc; path = AddressTableViewCell.m; sourceTree = "<group>"; };
		1BAE3B52194651DE0006AEFD /* AddressTableViewCell.xib */ = {isa = PBXFileReference; fileEncoding = 4; lastKnownFileType = file.xib; path = AddressTableViewCell.xib; sourceTree = "<group>"; };
		1BB198BC193F99F70017A1D6 /* Cog_filled.png */ = {isa = PBXFileReference; lastKnownFileType = image.png; path = Cog_filled.png; sourceTree = "<group>"; };
		1BB198BD193F99F70017A1D6 /* Cog_filled@2x.png */ = {isa = PBXFileReference; lastKnownFileType = image.png; path = "Cog_filled@2x.png"; sourceTree = "<group>"; };
		1BB198BE193F99F70017A1D6 /* Cog.png */ = {isa = PBXFileReference; lastKnownFileType = image.png; path = Cog.png; sourceTree = "<group>"; };
		1BB198BF193F99F70017A1D6 /* Cog@2x.png */ = {isa = PBXFileReference; lastKnownFileType = image.png; path = "Cog@2x.png"; sourceTree = "<group>"; };
		1BB198C4193F9AB60017A1D6 /* UPNavigationViewController.h */ = {isa = PBXFileReference; fileEncoding = 4; lastKnownFileType = sourcecode.c.h; path = UPNavigationViewController.h; sourceTree = "<group>"; };
		1BB198C5193F9AB60017A1D6 /* UPNavigationViewController.m */ = {isa = PBXFileReference; fileEncoding = 4; lastKnownFileType = sourcecode.c.objc; path = UPNavigationViewController.m; sourceTree = "<group>"; };
		1BB198C7193FA4530017A1D6 /* UIColor+UPColors.h */ = {isa = PBXFileReference; fileEncoding = 4; lastKnownFileType = sourcecode.c.h; path = "UIColor+UPColors.h"; sourceTree = "<group>"; };
		1BB198C8193FA4530017A1D6 /* UIColor+UPColors.m */ = {isa = PBXFileReference; fileEncoding = 4; lastKnownFileType = sourcecode.c.objc; path = "UIColor+UPColors.m"; sourceTree = "<group>"; };
		1BB198CA193FA54A0017A1D6 /* UPViewController.h */ = {isa = PBXFileReference; fileEncoding = 4; lastKnownFileType = sourcecode.c.h; path = UPViewController.h; sourceTree = "<group>"; };
		1BB198CB193FA54A0017A1D6 /* UPViewController.m */ = {isa = PBXFileReference; fileEncoding = 4; lastKnownFileType = sourcecode.c.objc; path = UPViewController.m; sourceTree = "<group>"; };
		1BB198CD193FA9F00017A1D6 /* Calendar_filled.png */ = {isa = PBXFileReference; lastKnownFileType = image.png; path = Calendar_filled.png; sourceTree = "<group>"; };
		1BB198CE193FA9F00017A1D6 /* Calendar_filled@2x.png */ = {isa = PBXFileReference; lastKnownFileType = image.png; path = "Calendar_filled@2x.png"; sourceTree = "<group>"; };
		1BB198CF193FA9F00017A1D6 /* Calendar.png */ = {isa = PBXFileReference; lastKnownFileType = image.png; path = Calendar.png; sourceTree = "<group>"; };
		1BB198D0193FA9F00017A1D6 /* Calendar@2x.png */ = {isa = PBXFileReference; lastKnownFileType = image.png; path = "Calendar@2x.png"; sourceTree = "<group>"; };
		1BB198D5193FAA580017A1D6 /* Info_filled.png */ = {isa = PBXFileReference; lastKnownFileType = image.png; path = Info_filled.png; sourceTree = "<group>"; };
		1BB198D6193FAA580017A1D6 /* Info_filled@2x.png */ = {isa = PBXFileReference; lastKnownFileType = image.png; path = "Info_filled@2x.png"; sourceTree = "<group>"; };
		1BB198D7193FAA580017A1D6 /* Info.png */ = {isa = PBXFileReference; lastKnownFileType = image.png; path = Info.png; sourceTree = "<group>"; };
		1BB198D8193FAA580017A1D6 /* Info@2x.png */ = {isa = PBXFileReference; lastKnownFileType = image.png; path = "Info@2x.png"; sourceTree = "<group>"; };
		1BB198DE193FB88E0017A1D6 /* RegistrantDTO.h */ = {isa = PBXFileReference; fileEncoding = 4; lastKnownFileType = sourcecode.c.h; path = RegistrantDTO.h; sourceTree = "<group>"; };
		1BB198DF193FB88E0017A1D6 /* RegistrantDTO.m */ = {isa = PBXFileReference; fileEncoding = 4; lastKnownFileType = sourcecode.c.objc; path = RegistrantDTO.m; sourceTree = "<group>"; };
		1BB198E1193FC4900017A1D6 /* LocationDTO.h */ = {isa = PBXFileReference; fileEncoding = 4; lastKnownFileType = sourcecode.c.h; path = LocationDTO.h; sourceTree = "<group>"; };
		1BB198E2193FC4900017A1D6 /* LocationDTO.m */ = {isa = PBXFileReference; fileEncoding = 4; lastKnownFileType = sourcecode.c.objc; path = LocationDTO.m; sourceTree = "<group>"; };
		1BBE0DD8195B187F004BA930 /* IntroPanel.h */ = {isa = PBXFileReference; fileEncoding = 4; lastKnownFileType = sourcecode.c.h; path = IntroPanel.h; sourceTree = "<group>"; };
		1BBE0DD9195B187F004BA930 /* IntroPanel.m */ = {isa = PBXFileReference; fileEncoding = 4; lastKnownFileType = sourcecode.c.objc; path = IntroPanel.m; sourceTree = "<group>"; };
		1BD199A2195C66E200083AB7 /* aboutScreenshot.png */ = {isa = PBXFileReference; lastKnownFileType = image.png; path = aboutScreenshot.png; sourceTree = "<group>"; };
		1BD199A3195C66E200083AB7 /* contactScreenshot.png */ = {isa = PBXFileReference; lastKnownFileType = image.png; path = contactScreenshot.png; sourceTree = "<group>"; };
		1BD4C80F1942626300BE6566 /* GetInvolvedCellData.h */ = {isa = PBXFileReference; fileEncoding = 4; lastKnownFileType = sourcecode.c.h; path = GetInvolvedCellData.h; sourceTree = "<group>"; };
		1BD4C8101942626300BE6566 /* GetInvolvedCellData.m */ = {isa = PBXFileReference; fileEncoding = 4; lastKnownFileType = sourcecode.c.objc; path = GetInvolvedCellData.m; sourceTree = "<group>"; };
		1BD4C8121942658F00BE6566 /* GetInvolvedTableViewCell.h */ = {isa = PBXFileReference; fileEncoding = 4; lastKnownFileType = sourcecode.c.h; path = GetInvolvedTableViewCell.h; sourceTree = "<group>"; };
		1BD4C8131942658F00BE6566 /* GetInvolvedTableViewCell.m */ = {isa = PBXFileReference; fileEncoding = 4; lastKnownFileType = sourcecode.c.objc; path = GetInvolvedTableViewCell.m; sourceTree = "<group>"; };
		1BD4C8141942658F00BE6566 /* GetInvolvedTableViewCell.xib */ = {isa = PBXFileReference; fileEncoding = 4; lastKnownFileType = file.xib; path = GetInvolvedTableViewCell.xib; sourceTree = "<group>"; };
		1BEC1BF7193914BE009DADEF /* UPDataRetrieval.h */ = {isa = PBXFileReference; fileEncoding = 4; lastKnownFileType = sourcecode.c.h; path = UPDataRetrieval.h; sourceTree = "<group>"; };
		1BEC1BF8193914BE009DADEF /* UPDataRetrieval.m */ = {isa = PBXFileReference; fileEncoding = 4; lastKnownFileType = sourcecode.c.objc; path = UPDataRetrieval.m; sourceTree = "<group>"; };
		1BEC1BFD1939183C009DADEF /* NSObject+ObjectMap.h */ = {isa = PBXFileReference; fileEncoding = 4; lastKnownFileType = sourcecode.c.h; path = "NSObject+ObjectMap.h"; sourceTree = "<group>"; };
		1BEC1BFE1939183C009DADEF /* NSObject+ObjectMap.m */ = {isa = PBXFileReference; fileEncoding = 4; lastKnownFileType = sourcecode.c.objc; path = "NSObject+ObjectMap.m"; sourceTree = "<group>"; };
		1F52AA901954DB4D0074A83E /* up_splash4.png */ = {isa = PBXFileReference; lastKnownFileType = image.png; path = up_splash4.png; sourceTree = "<group>"; };
		1F75DCAC1954DBB2007A24E5 /* up_splash35.png */ = {isa = PBXFileReference; lastKnownFileType = image.png; path = up_splash35.png; sourceTree = "<group>"; };
		1F75DCAE1954DC07007A24E5 /* icon_58.png */ = {isa = PBXFileReference; lastKnownFileType = image.png; path = icon_58.png; sourceTree = "<group>"; };
		1F75DCAF1954DC07007A24E5 /* icon_80.png */ = {isa = PBXFileReference; lastKnownFileType = image.png; path = icon_80.png; sourceTree = "<group>"; };
		1F75DCB01954DC07007A24E5 /* icon_120.png */ = {isa = PBXFileReference; lastKnownFileType = image.png; path = icon_120.png; sourceTree = "<group>"; };
		3FDA9E41BEF34AC4BD93F41E /* Pods.xcconfig */ = {isa = PBXFileReference; includeInIndex = 1; lastKnownFileType = text.xcconfig; name = Pods.xcconfig; path = Pods/Pods.xcconfig; sourceTree = "<group>"; };
		C94E53E6222648D7B30F9FE7 /* libPods.a */ = {isa = PBXFileReference; explicitFileType = archive.ar; includeInIndex = 0; path = libPods.a; sourceTree = BUILT_PRODUCTS_DIR; };
/* End PBXFileReference section */

/* Begin PBXFrameworksBuildPhase section */
		1BACD3431937E39700DF7081 /* Frameworks */ = {
			isa = PBXFrameworksBuildPhase;
			buildActionMask = 2147483647;
			files = (
				1B16EB1919586F98007E9B6B /* Accounts.framework in Frameworks */,
				1B16EB1719586E57007E9B6B /* Social.framework in Frameworks */,
				1B400F331951DDCD0019FB58 /* MapKit.framework in Frameworks */,
				1BACD34C1937E39700DF7081 /* CoreGraphics.framework in Frameworks */,
				1BACD34E1937E39700DF7081 /* UIKit.framework in Frameworks */,
				1BACD34A1937E39700DF7081 /* Foundation.framework in Frameworks */,
				2CF2483000C64B358D0576BC /* libPods.a in Frameworks */,
			);
			runOnlyForDeploymentPostprocessing = 0;
		};
		1BACD35E1937E39700DF7081 /* Frameworks */ = {
			isa = PBXFrameworksBuildPhase;
			buildActionMask = 2147483647;
			files = (
				1BACD3631937E39700DF7081 /* XCTest.framework in Frameworks */,
				1BACD3651937E39700DF7081 /* UIKit.framework in Frameworks */,
				1BACD3641937E39700DF7081 /* Foundation.framework in Frameworks */,
			);
			runOnlyForDeploymentPostprocessing = 0;
		};
/* End PBXFrameworksBuildPhase section */

/* Begin PBXGroup section */
		1B0A69031938D434005C821D /* Controllers */ = {
			isa = PBXGroup;
			children = (
				1B1672C11947BF5F001449CD /* UPTabbarViewController.h */,
				1B1672C21947BF5F001449CD /* UPTabbarViewController.m */,
				1B53018519587C380018DCF1 /* IntroductionView Views */,
				1BB198C4193F9AB60017A1D6 /* UPNavigationViewController.h */,
				1BB198C5193F9AB60017A1D6 /* UPNavigationViewController.m */,
				1BB198CA193FA54A0017A1D6 /* UPViewController.h */,
				1BB198CB193FA54A0017A1D6 /* UPViewController.m */,
				1B0A690B1938D4A5005C821D /* upcoming events */,
				1B0A69181938D575005C821D /* about */,
				1B7880DC1940EC5E00333ED5 /* Contact UP */,
				1BAD1A3C193CCB9E006D24AD /* MyUP */,
			);
			name = Controllers;
			sourceTree = "<group>";
		};
		1B0A69051938D448005C821D /* Utils */ = {
			isa = PBXGroup;
			children = (
				1BEC1BFD1939183C009DADEF /* NSObject+ObjectMap.h */,
				1BEC1BFE1939183C009DADEF /* NSObject+ObjectMap.m */,
				1BB198C7193FA4530017A1D6 /* UIColor+UPColors.h */,
				1BB198C8193FA4530017A1D6 /* UIColor+UPColors.m */,
			);
			name = Utils;
			sourceTree = "<group>";
		};
		1B0A69081938D474005C821D /* Views */ = {
			isa = PBXGroup;
			children = (
				1B0A690A1938D487005C821D /* Table Cells */,
				1B0A69091938D47E005C821D /* Basic Views */,
			);
			name = Views;
			sourceTree = "<group>";
		};
		1B0A69091938D47E005C821D /* Basic Views */ = {
			isa = PBXGroup;
			children = (
			);
			name = "Basic Views";
			sourceTree = "<group>";
		};
		1B0A690A1938D487005C821D /* Table Cells */ = {
			isa = PBXGroup;
			children = (
				1B1672BB19474632001449CD /* AboutUPCells */,
				1B1672B919474603001449CD /* ContactUPCells */,
				1B1672B8194745EA001449CD /* MyUPCells */,
				1B1672B7194745D7001449CD /* event cells */,
			);
			name = "Table Cells";
			sourceTree = "<group>";
		};
		1B0A690B1938D4A5005C821D /* upcoming events */ = {
			isa = PBXGroup;
			children = (
				1B0A690E1938D520005C821D /* UpcomingEventViewController.h */,
				1B0A690F1938D520005C821D /* UpcomingEventViewController.m */,
				1B0A69101938D520005C821D /* UpcomingEventViewController.xib */,
				1BAD1A4B193CD2AA006D24AD /* event */,
			);
			name = "upcoming events";
			sourceTree = "<group>";
		};
		1B0A690C1938D4AE005C821D /* comments/suggestion box */ = {
			isa = PBXGroup;
			children = (
				1B0A69131938D552005C821D /* CommentViewController.h */,
				1B0A69141938D552005C821D /* CommentViewController.m */,
				1B0A69151938D552005C821D /* CommentViewController.xib */,
			);
			name = "comments/suggestion box";
			sourceTree = "<group>";
		};
		1B0A69181938D575005C821D /* about */ = {
			isa = PBXGroup;
			children = (
				1B0A69191938D58C005C821D /* AboutUPViewController.h */,
				1B0A691A1938D58C005C821D /* AboutUPViewController.m */,
				1BA9FE5D193E1D28008F8981 /* AboutUPViewController.xib */,
			);
			name = about;
			sourceTree = "<group>";
		};
		1B1672B7194745D7001449CD /* event cells */ = {
			isa = PBXGroup;
			children = (
				1B0A691E1938DA8B005C821D /* UpcomingEventsTableViewCell.h */,
				1B0A691F1938DA8B005C821D /* UpcomingEventsTableViewCell.m */,
				1B0A69201938DA8B005C821D /* UpcomingEventsTableViewCell.xib */,
			);
			name = "event cells";
			sourceTree = "<group>";
		};
		1B1672B8194745EA001449CD /* MyUPCells */ = {
			isa = PBXGroup;
			children = (
				1BA9FE65193E244B008F8981 /* PriorFeedbackTableViewCell.h */,
				1BA9FE66193E244B008F8981 /* PriorFeedbackTableViewCell.m */,
				1BA9FE67193E244B008F8981 /* PriorFeedbackTableViewCell.xib */,
				1B7880D71940EBED00333ED5 /* MyUPInitTableViewCell.h */,
				1B7880D81940EBED00333ED5 /* MyUPInitTableViewCell.m */,
				1B7880D91940EBED00333ED5 /* MyUPInitTableViewCell.xib */,
			);
			name = MyUPCells;
			sourceTree = "<group>";
		};
		1B1672B919474603001449CD /* ContactUPCells */ = {
			isa = PBXGroup;
			children = (
				1BAE3B50194651DE0006AEFD /* AddressTableViewCell.h */,
				1BAE3B51194651DE0006AEFD /* AddressTableViewCell.m */,
				1BAE3B52194651DE0006AEFD /* AddressTableViewCell.xib */,
				1B48B56519421640008F5186 /* DirectoryTableViewCell.h */,
				1B48B56619421640008F5186 /* DirectoryTableViewCell.m */,
				1B48B56719421640008F5186 /* DirectoryTableViewCell.xib */,
			);
			name = ContactUPCells;
			sourceTree = "<group>";
		};
		1B1672BB19474632001449CD /* AboutUPCells */ = {
			isa = PBXGroup;
			children = (
				1BD4C8121942658F00BE6566 /* GetInvolvedTableViewCell.h */,
				1BD4C8131942658F00BE6566 /* GetInvolvedTableViewCell.m */,
				1BD4C8141942658F00BE6566 /* GetInvolvedTableViewCell.xib */,
			);
			name = AboutUPCells;
			sourceTree = "<group>";
		};
		1B1672BC19474662001449CD /* DTOObjects */ = {
			isa = PBXGroup;
			children = (
				1BB198DE193FB88E0017A1D6 /* RegistrantDTO.h */,
				1BB198DF193FB88E0017A1D6 /* RegistrantDTO.m */,
				1BB198E1193FC4900017A1D6 /* LocationDTO.h */,
				1BB198E2193FC4900017A1D6 /* LocationDTO.m */,
				1B48B56D194243F9008F5186 /* UnRSVPDTO.h */,
				1B48B56E194243F9008F5186 /* UnRSVPDTO.m */,
			);
			name = DTOObjects;
			sourceTree = "<group>";
		};
		1B53018519587C380018DCF1 /* IntroductionView Views */ = {
			isa = PBXGroup;
			children = (
				1B53018A19587DFE0018DCF1 /* IntroPanel1.xib */,
				1BBE0DD8195B187F004BA930 /* IntroPanel.h */,
				1BBE0DD9195B187F004BA930 /* IntroPanel.m */,
			);
			name = "IntroductionView Views";
			sourceTree = "<group>";
		};
		1B5301A11958C6710018DCF1 /* Screenshot */ = {
			isa = PBXGroup;
			children = (
				1BD199A2195C66E200083AB7 /* aboutScreenshot.png */,
				1BD199A3195C66E200083AB7 /* contactScreenshot.png */,
				1B53019A1958B0960018DCF1 /* commentScreenshot.png */,
				1B5301921958AA430018DCF1 /* eventsScreenshot.png */,
				1B5301941958AC360018DCF1 /* specificScreenshot.png */,
				1B5301961958AE030018DCF1 /* rsvpScreenshot.png */,
				1B5301981958AFF60018DCF1 /* userInfoScreenshot.png */,
				1B53019C1958B7650018DCF1 /* myUserScreenshot.png */,
				1B53019E1958B8300018DCF1 /* settingsScreenshot.png */,
			);
			name = Screenshot;
			sourceTree = "<group>";
		};
		1B7880DC1940EC5E00333ED5 /* Contact UP */ = {
			isa = PBXGroup;
			children = (
				1B7880DD1940EC8B00333ED5 /* ContactUPViewController.h */,
				1B7880DE1940EC8B00333ED5 /* ContactUPViewController.m */,
				1B7880DF1940EC8B00333ED5 /* ContactUPViewController.xib */,
				1B400F2D1951DA5F0019FB58 /* ContactUPMapViewController.h */,
				1B400F2E1951DA5F0019FB58 /* ContactUPMapViewController.m */,
				1B400F2F1951DA5F0019FB58 /* ContactUPMapViewController.xib */,
				1B0A690C1938D4AE005C821D /* comments/suggestion box */,
			);
			name = "Contact UP";
			sourceTree = "<group>";
		};
		1B7880EC194105B200333ED5 /* Navbar Images */ = {
			isa = PBXGroup;
			children = (
				1B7880ED194105CE00333ED5 /* Pencil_filled.png */,
				1B7880EE194105CE00333ED5 /* Pencil_filled@2x.png */,
				1B7880EF194105CE00333ED5 /* Pencil.png */,
				1B7880F0194105CE00333ED5 /* Pencil@2x.png */,
			);
			name = "Navbar Images";
			sourceTree = "<group>";
		};
		1B9D2B581949E98A00B09316 /* Settings */ = {
			isa = PBXGroup;
			children = (
				1B9D2B591949E9B000B09316 /* SettingsViewController.h */,
				1B9D2B5A1949E9B000B09316 /* SettingsViewController.m */,
				1B9D2B5B1949E9B000B09316 /* SettingsViewController.xib */,
			);
			name = Settings;
			sourceTree = "<group>";
		};
		1BACD33D1937E39700DF7081 = {
			isa = PBXGroup;
			children = (
				1BACD34F1937E39700DF7081 /* UniversityPrograms */,
				1BACD3681937E39700DF7081 /* UniversityProgramsTests */,
				1BACD3481937E39700DF7081 /* Frameworks */,
				1BACD3471937E39700DF7081 /* Products */,
				3FDA9E41BEF34AC4BD93F41E /* Pods.xcconfig */,
			);
			sourceTree = "<group>";
		};
		1BACD3471937E39700DF7081 /* Products */ = {
			isa = PBXGroup;
			children = (
				1BACD3461937E39700DF7081 /* UniversityPrograms.app */,
				1BACD3611937E39700DF7081 /* UniversityProgramsTests.xctest */,
			);
			name = Products;
			sourceTree = "<group>";
		};
		1BACD3481937E39700DF7081 /* Frameworks */ = {
			isa = PBXGroup;
			children = (
				1B16EB1819586F98007E9B6B /* Accounts.framework */,
				1B16EB1619586E57007E9B6B /* Social.framework */,
				1B400F321951DDCD0019FB58 /* MapKit.framework */,
				1BACD3491937E39700DF7081 /* Foundation.framework */,
				1BACD34B1937E39700DF7081 /* CoreGraphics.framework */,
				1BACD34D1937E39700DF7081 /* UIKit.framework */,
				1BACD3621937E39700DF7081 /* XCTest.framework */,
				C94E53E6222648D7B30F9FE7 /* libPods.a */,
			);
			name = Frameworks;
			sourceTree = "<group>";
		};
		1BACD34F1937E39700DF7081 /* UniversityPrograms */ = {
			isa = PBXGroup;
			children = (
				1BACD3581937E39700DF7081 /* AppDelegate.h */,
				1BACD3591937E39700DF7081 /* AppDelegate.m */,
				1BAD1A35193CC2A2006D24AD /* Models */,
				1BEC1BF61938FE24009DADEF /* Web Calls */,
				1B0A69081938D474005C821D /* Views */,
				1B0A69051938D448005C821D /* Utils */,
				1B0A69031938D434005C821D /* Controllers */,
				1BACD35B1937E39700DF7081 /* Images.xcassets */,
				1BACD3501937E39700DF7081 /* Supporting Files */,
			);
			path = UniversityPrograms;
			sourceTree = "<group>";
		};
		1BACD3501937E39700DF7081 /* Supporting Files */ = {
			isa = PBXGroup;
			children = (
				1BB198BA193F99EC0017A1D6 /* Images */,
				1BACD3511937E39700DF7081 /* UniversityPrograms-Info.plist */,
				1BACD3521937E39700DF7081 /* InfoPlist.strings */,
				1BACD3551937E39700DF7081 /* main.m */,
				1BACD3571937E39700DF7081 /* UniversityPrograms-Prefix.pch */,
			);
			name = "Supporting Files";
			sourceTree = "<group>";
		};
		1BACD3681937E39700DF7081 /* UniversityProgramsTests */ = {
			isa = PBXGroup;
			children = (
				1BACD36E1937E39700DF7081 /* UniversityProgramsTests.m */,
				1BACD3691937E39700DF7081 /* Supporting Files */,
			);
			path = UniversityProgramsTests;
			sourceTree = "<group>";
		};
		1BACD3691937E39700DF7081 /* Supporting Files */ = {
			isa = PBXGroup;
			children = (
				1BACD36A1937E39700DF7081 /* UniversityProgramsTests-Info.plist */,
				1BACD36B1937E39700DF7081 /* InfoPlist.strings */,
			);
			name = "Supporting Files";
			sourceTree = "<group>";
		};
		1BAD1A35193CC2A2006D24AD /* Models */ = {
			isa = PBXGroup;
			children = (
				1B1672BC19474662001449CD /* DTOObjects */,
				1BAD1A36193CC2B9006D24AD /* Event.h */,
				1BAD1A37193CC2B9006D24AD /* Event.m */,
				1BAD1A39193CC2C9006D24AD /* Comment.h */,
				1BAD1A3A193CC2C9006D24AD /* Comment.m */,
				1B48B56A19421C8F008F5186 /* Employee.h */,
				1B48B56B19421C8F008F5186 /* Employee.m */,
				1BD4C80F1942626300BE6566 /* GetInvolvedCellData.h */,
				1BD4C8101942626300BE6566 /* GetInvolvedCellData.m */,
			);
			name = Models;
			sourceTree = "<group>";
		};
		1BAD1A3C193CCB9E006D24AD /* MyUP */ = {
			isa = PBXGroup;
			children = (
				1BAD1A40193CCCBA006D24AD /* MyUPViewController.h */,
				1BAD1A41193CCCBA006D24AD /* MyUPViewController.m */,
				1BAD1A42193CCCBA006D24AD /* MyUPViewController.xib */,
				1B9D2B581949E98A00B09316 /* Settings */,
				1BAD1A45193CCDD1006D24AD /* UserInfo */,
			);
			name = MyUP;
			sourceTree = "<group>";
		};
		1BAD1A45193CCDD1006D24AD /* UserInfo */ = {
			isa = PBXGroup;
			children = (
				1BAD1A46193CCDEA006D24AD /* UserInfoViewController.h */,
				1BAD1A47193CCDEA006D24AD /* UserInfoViewController.m */,
				1BAD1A48193CCDEA006D24AD /* UserInfoViewController.xib */,
			);
			name = UserInfo;
			sourceTree = "<group>";
		};
		1BAD1A4B193CD2AA006D24AD /* event */ = {
			isa = PBXGroup;
			children = (
				1BAD1A4C193CD385006D24AD /* SpecificEventViewController.h */,
				1BAD1A4D193CD385006D24AD /* SpecificEventViewController.m */,
				1BAD1A4E193CD385006D24AD /* SpecificEventViewController.xib */,
			);
			name = event;
			sourceTree = "<group>";
		};
		1BB198BA193F99EC0017A1D6 /* Images */ = {
			isa = PBXGroup;
			children = (
				1B5301A11958C6710018DCF1 /* Screenshot */,
				1F52AA8E1954DB3F0074A83E /* Icons */,
				1F52AA8D1954DB3B0074A83E /* Splash */,
				1B400F381951E5A20019FB58 /* MapPin.png */,
				1B400F391951E5A20019FB58 /* MapPin@2x.png */,
				1B7880EA1940F8B500333ED5 /* UP.jpg */,
				1B7880EC194105B200333ED5 /* Navbar Images */,
				1BB198BB193F99F00017A1D6 /* Tab Bar Icons */,
			);
			name = Images;
			sourceTree = "<group>";
		};
		1BB198BB193F99F00017A1D6 /* Tab Bar Icons */ = {
			isa = PBXGroup;
			children = (
				1B7880E21940EE9000333ED5 /* Contact_filled.png */,
				1B7880E31940EE9000333ED5 /* Contact_filled@2x.png */,
				1B7880E41940EE9000333ED5 /* Contact.png */,
				1B7880E51940EE9000333ED5 /* Contact@2x.png */,
				1BB198D5193FAA580017A1D6 /* Info_filled.png */,
				1BB198D6193FAA580017A1D6 /* Info_filled@2x.png */,
				1BB198D7193FAA580017A1D6 /* Info.png */,
				1BB198D8193FAA580017A1D6 /* Info@2x.png */,
				1BB198CD193FA9F00017A1D6 /* Calendar_filled.png */,
				1BB198CE193FA9F00017A1D6 /* Calendar_filled@2x.png */,
				1BB198CF193FA9F00017A1D6 /* Calendar.png */,
				1BB198D0193FA9F00017A1D6 /* Calendar@2x.png */,
				1BB198BC193F99F70017A1D6 /* Cog_filled.png */,
				1BB198BD193F99F70017A1D6 /* Cog_filled@2x.png */,
				1BB198BE193F99F70017A1D6 /* Cog.png */,
				1BB198BF193F99F70017A1D6 /* Cog@2x.png */,
			);
			name = "Tab Bar Icons";
			sourceTree = "<group>";
		};
		1BEC1BF61938FE24009DADEF /* Web Calls */ = {
			isa = PBXGroup;
			children = (
				1BEC1BF7193914BE009DADEF /* UPDataRetrieval.h */,
				1BEC1BF8193914BE009DADEF /* UPDataRetrieval.m */,
				1B38F299193F6FD2005158D1 /* UPWebserviceConstants.h */,
			);
			name = "Web Calls";
			sourceTree = "<group>";
		};
		1F52AA8D1954DB3B0074A83E /* Splash */ = {
			isa = PBXGroup;
			children = (
				1F75DCAC1954DBB2007A24E5 /* up_splash35.png */,
				1F52AA901954DB4D0074A83E /* up_splash4.png */,
			);
			name = Splash;
			sourceTree = "<group>";
		};
		1F52AA8E1954DB3F0074A83E /* Icons */ = {
			isa = PBXGroup;
			children = (
				1BAE3B4C19463AAA0006AEFD /* Email.png */,
				1BAE3B4D19463AAA0006AEFD /* Email@2x.png */,
				1BAE3B4819463A690006AEFD /* Telephone.png */,
				1BAE3B4919463A690006AEFD /* Telephone@2x.png */,
				1B400F44195225350019FB58 /* Facebook_filled.png */,
				1B400F45195225350019FB58 /* Facebook_filled@2x.png */,
				1B400F46195225350019FB58 /* Facebook.png */,
				1B400F47195225350019FB58 /* Facebook@2x.png */,
				1B400F3C195224950019FB58 /* Twitter_filled.png */,
				1B400F3D195224950019FB58 /* Twitter_filled@2x.png */,
				1B400F3E195224950019FB58 /* Twitter.png */,
				1B400F3F195224950019FB58 /* Twitter@2x.png */,
				1F75DCAE1954DC07007A24E5 /* icon_58.png */,
				1F75DCAF1954DC07007A24E5 /* icon_80.png */,
				1F75DCB01954DC07007A24E5 /* icon_120.png */,
			);
			name = Icons;
			sourceTree = "<group>";
		};
/* End PBXGroup section */

/* Begin PBXNativeTarget section */
		1BACD3451937E39700DF7081 /* UniversityPrograms */ = {
			isa = PBXNativeTarget;
			buildConfigurationList = 1BACD3721937E39700DF7081 /* Build configuration list for PBXNativeTarget "UniversityPrograms" */;
			buildPhases = (
				45C3D1FA801D44F2A6E435F3 /* Check Pods Manifest.lock */,
				1BACD3421937E39700DF7081 /* Sources */,
				1BACD3431937E39700DF7081 /* Frameworks */,
				1BACD3441937E39700DF7081 /* Resources */,
				2E35AFE0195F40588D0F8F27 /* Copy Pods Resources */,
			);
			buildRules = (
			);
			dependencies = (
			);
			name = UniversityPrograms;
			productName = UniversityPrograms;
			productReference = 1BACD3461937E39700DF7081 /* UniversityPrograms.app */;
			productType = "com.apple.product-type.application";
		};
		1BACD3601937E39700DF7081 /* UniversityProgramsTests */ = {
			isa = PBXNativeTarget;
			buildConfigurationList = 1BACD3751937E39700DF7081 /* Build configuration list for PBXNativeTarget "UniversityProgramsTests" */;
			buildPhases = (
				1BACD35D1937E39700DF7081 /* Sources */,
				1BACD35E1937E39700DF7081 /* Frameworks */,
				1BACD35F1937E39700DF7081 /* Resources */,
			);
			buildRules = (
			);
			dependencies = (
				1BACD3671937E39700DF7081 /* PBXTargetDependency */,
			);
			name = UniversityProgramsTests;
			productName = UniversityProgramsTests;
			productReference = 1BACD3611937E39700DF7081 /* UniversityProgramsTests.xctest */;
			productType = "com.apple.product-type.bundle.unit-test";
		};
/* End PBXNativeTarget section */

/* Begin PBXProject section */
		1BACD33E1937E39700DF7081 /* Project object */ = {
			isa = PBXProject;
			attributes = {
				LastUpgradeCheck = 0510;
				ORGANIZATIONNAME = CAPS;
				TargetAttributes = {
					1BACD3451937E39700DF7081 = {
						DevelopmentTeam = 79J92XV598;
					};
					1BACD3601937E39700DF7081 = {
						TestTargetID = 1BACD3451937E39700DF7081;
					};
				};
			};
			buildConfigurationList = 1BACD3411937E39700DF7081 /* Build configuration list for PBXProject "UniversityPrograms" */;
			compatibilityVersion = "Xcode 3.2";
			developmentRegion = English;
			hasScannedForEncodings = 0;
			knownRegions = (
				en,
			);
			mainGroup = 1BACD33D1937E39700DF7081;
			productRefGroup = 1BACD3471937E39700DF7081 /* Products */;
			projectDirPath = "";
			projectRoot = "";
			targets = (
				1BACD3451937E39700DF7081 /* UniversityPrograms */,
				1BACD3601937E39700DF7081 /* UniversityProgramsTests */,
			);
		};
/* End PBXProject section */

/* Begin PBXResourcesBuildPhase section */
		1BACD3441937E39700DF7081 /* Resources */ = {
			isa = PBXResourcesBuildPhase;
			buildActionMask = 2147483647;
			files = (
				1BB198D4193FA9F00017A1D6 /* Calendar@2x.png in Resources */,
				1B0A69171938D552005C821D /* CommentViewController.xib in Resources */,
				1BB198DA193FAA580017A1D6 /* Info_filled@2x.png in Resources */,
				1B0A69121938D520005C821D /* UpcomingEventViewController.xib in Resources */,
				1BACD3541937E39700DF7081 /* InfoPlist.strings in Resources */,
				1B53019F1958B8300018DCF1 /* settingsScreenshot.png in Resources */,
				1B400F3B1951E5A20019FB58 /* MapPin@2x.png in Resources */,
				1F75DCB21954DC07007A24E5 /* icon_80.png in Resources */,
				1B7880F4194105CE00333ED5 /* Pencil@2x.png in Resources */,
				1BACD35C1937E39700DF7081 /* Images.xcassets in Resources */,
				1BB198D2193FA9F00017A1D6 /* Calendar_filled@2x.png in Resources */,
				1BB198DC193FAA580017A1D6 /* Info@2x.png in Resources */,
				1BB198D3193FA9F00017A1D6 /* Calendar.png in Resources */,
				1B7880F2194105CE00333ED5 /* Pencil_filled@2x.png in Resources */,
				1B7880E81940EE9000333ED5 /* Contact.png in Resources */,
				1BAE3B4E19463AAA0006AEFD /* Email.png in Resources */,
				1BB198C2193F99F70017A1D6 /* Cog.png in Resources */,
				1F75DCB31954DC07007A24E5 /* icon_120.png in Resources */,
				1B7880E71940EE9000333ED5 /* Contact_filled@2x.png in Resources */,
				1B400F42195224950019FB58 /* Twitter.png in Resources */,
				1B0A69221938DA8B005C821D /* UpcomingEventsTableViewCell.xib in Resources */,
				1B7880DB1940EBED00333ED5 /* MyUPInitTableViewCell.xib in Resources */,
				1BAE3B4A19463A690006AEFD /* Telephone.png in Resources */,
				1BD199A4195C66E200083AB7 /* aboutScreenshot.png in Resources */,
				1B400F49195225350019FB58 /* Facebook_filled@2x.png in Resources */,
				1BB198C1193F99F70017A1D6 /* Cog_filled@2x.png in Resources */,
				1BA9FE69193E244B008F8981 /* PriorFeedbackTableViewCell.xib in Resources */,
				1B5301951958AC360018DCF1 /* specificScreenshot.png in Resources */,
				1B400F311951DA5F0019FB58 /* ContactUPMapViewController.xib in Resources */,
				1B400F4A195225350019FB58 /* Facebook.png in Resources */,
				1B5301991958AFF60018DCF1 /* userInfoScreenshot.png in Resources */,
				1B53019B1958B0960018DCF1 /* commentScreenshot.png in Resources */,
				1BAD1A4A193CCDEA006D24AD /* UserInfoViewController.xib in Resources */,
				1B400F4B195225350019FB58 /* Facebook@2x.png in Resources */,
				1B7880E61940EE9000333ED5 /* Contact_filled.png in Resources */,
				1B400F41195224950019FB58 /* Twitter_filled@2x.png in Resources */,
				1BAD1A44193CCCBA006D24AD /* MyUPViewController.xib in Resources */,
				1B400F40195224950019FB58 /* Twitter_filled.png in Resources */,
				1B7880EB1940F8B500333ED5 /* UP.jpg in Resources */,
				1BAE3B4B19463A690006AEFD /* Telephone@2x.png in Resources */,
				1B400F43195224950019FB58 /* Twitter@2x.png in Resources */,
				1B9D2B5D1949E9B000B09316 /* SettingsViewController.xib in Resources */,
				1BAE3B4F19463AAA0006AEFD /* Email@2x.png in Resources */,
				1BAE3B54194651DE0006AEFD /* AddressTableViewCell.xib in Resources */,
				1B53019D1958B7650018DCF1 /* myUserScreenshot.png in Resources */,
				1BB198C3193F99F70017A1D6 /* Cog@2x.png in Resources */,
				1B5301971958AE030018DCF1 /* rsvpScreenshot.png in Resources */,
				1BB198D1193FA9F00017A1D6 /* Calendar_filled.png in Resources */,
				1B400F48195225350019FB58 /* Facebook_filled.png in Resources */,
				1BA9FE5E193E1D28008F8981 /* AboutUPViewController.xib in Resources */,
				1B400F3A1951E5A20019FB58 /* MapPin.png in Resources */,
				1F52AA941954DB4D0074A83E /* up_splash4.png in Resources */,
				1B53018B19587DFE0018DCF1 /* IntroPanel1.xib in Resources */,
				1BD199A5195C66E200083AB7 /* contactScreenshot.png in Resources */,
				1B7880F3194105CE00333ED5 /* Pencil.png in Resources */,
				1BB198C0193F99F70017A1D6 /* Cog_filled.png in Resources */,
				1B7880E91940EE9000333ED5 /* Contact@2x.png in Resources */,
				1BAD1A50193CD385006D24AD /* SpecificEventViewController.xib in Resources */,
				1B48B56919421640008F5186 /* DirectoryTableViewCell.xib in Resources */,
				1B7880E11940EC8B00333ED5 /* ContactUPViewController.xib in Resources */,
				1BB198DB193FAA580017A1D6 /* Info.png in Resources */,
				1B5301931958AA430018DCF1 /* eventsScreenshot.png in Resources */,
				1B7880F1194105CE00333ED5 /* Pencil_filled.png in Resources */,
				1F75DCAD1954DBB2007A24E5 /* up_splash35.png in Resources */,
				1F75DCB11954DC07007A24E5 /* icon_58.png in Resources */,
				1BD4C8161942658F00BE6566 /* GetInvolvedTableViewCell.xib in Resources */,
				1BB198D9193FAA580017A1D6 /* Info_filled.png in Resources */,
			);
			runOnlyForDeploymentPostprocessing = 0;
		};
		1BACD35F1937E39700DF7081 /* Resources */ = {
			isa = PBXResourcesBuildPhase;
			buildActionMask = 2147483647;
			files = (
				1BACD36D1937E39700DF7081 /* InfoPlist.strings in Resources */,
			);
			runOnlyForDeploymentPostprocessing = 0;
		};
/* End PBXResourcesBuildPhase section */

/* Begin PBXShellScriptBuildPhase section */
		2E35AFE0195F40588D0F8F27 /* Copy Pods Resources */ = {
			isa = PBXShellScriptBuildPhase;
			buildActionMask = 2147483647;
			files = (
			);
			inputPaths = (
			);
			name = "Copy Pods Resources";
			outputPaths = (
			);
			runOnlyForDeploymentPostprocessing = 0;
			shellPath = /bin/sh;
			shellScript = "\"${SRCROOT}/Pods/Pods-resources.sh\"\n";
			showEnvVarsInLog = 0;
		};
		45C3D1FA801D44F2A6E435F3 /* Check Pods Manifest.lock */ = {
			isa = PBXShellScriptBuildPhase;
			buildActionMask = 2147483647;
			files = (
			);
			inputPaths = (
			);
			name = "Check Pods Manifest.lock";
			outputPaths = (
			);
			runOnlyForDeploymentPostprocessing = 0;
			shellPath = /bin/sh;
			shellScript = "diff \"${PODS_ROOT}/../Podfile.lock\" \"${PODS_ROOT}/Manifest.lock\" > /dev/null\nif [[ $? != 0 ]] ; then\n    cat << EOM\nerror: The sandbox is not in sync with the Podfile.lock. Run 'pod install' or update your CocoaPods installation.\nEOM\n    exit 1\nfi\n";
			showEnvVarsInLog = 0;
		};
/* End PBXShellScriptBuildPhase section */

/* Begin PBXSourcesBuildPhase section */
		1BACD3421937E39700DF7081 /* Sources */ = {
			isa = PBXSourcesBuildPhase;
			buildActionMask = 2147483647;
			files = (
				1BAD1A4F193CD385006D24AD /* SpecificEventViewController.m in Sources */,
				1BB198C9193FA4530017A1D6 /* UIColor+UPColors.m in Sources */,
				1B7880E01940EC8B00333ED5 /* ContactUPViewController.m in Sources */,
				1B1672C31947BF5F001449CD /* UPTabbarViewController.m in Sources */,
				1BBE0DDA195B187F004BA930 /* IntroPanel.m in Sources */,
				1B48B56819421640008F5186 /* DirectoryTableViewCell.m in Sources */,
				1B0A691C1938D58C005C821D /* AboutUPViewController.m in Sources */,
				1BA9FE68193E244B008F8981 /* PriorFeedbackTableViewCell.m in Sources */,
				1BB198E3193FC4900017A1D6 /* LocationDTO.m in Sources */,
				1BAD1A43193CCCBA006D24AD /* MyUPViewController.m in Sources */,
				1BAD1A38193CC2B9006D24AD /* Event.m in Sources */,
				1B9D2B5C1949E9B000B09316 /* SettingsViewController.m in Sources */,
				1BD4C8151942658F00BE6566 /* GetInvolvedTableViewCell.m in Sources */,
				1B0A69161938D552005C821D /* CommentViewController.m in Sources */,
				1B48B56C19421C8F008F5186 /* Employee.m in Sources */,
				1B48B56F194243F9008F5186 /* UnRSVPDTO.m in Sources */,
				1BACD35A1937E39700DF7081 /* AppDelegate.m in Sources */,
				1BAD1A49193CCDEA006D24AD /* UserInfoViewController.m in Sources */,
				1BAD1A3B193CC2C9006D24AD /* Comment.m in Sources */,
				1BD4C8111942626300BE6566 /* GetInvolvedCellData.m in Sources */,
				1B400F301951DA5F0019FB58 /* ContactUPMapViewController.m in Sources */,
				1BACD3561937E39700DF7081 /* main.m in Sources */,
				1B7880DA1940EBED00333ED5 /* MyUPInitTableViewCell.m in Sources */,
				1BEC1BF9193914BE009DADEF /* UPDataRetrieval.m in Sources */,
				1BB198C6193F9AB60017A1D6 /* UPNavigationViewController.m in Sources */,
				1BAE3B53194651DE0006AEFD /* AddressTableViewCell.m in Sources */,
				1B0A69211938DA8B005C821D /* UpcomingEventsTableViewCell.m in Sources */,
				1B0A69111938D520005C821D /* UpcomingEventViewController.m in Sources */,
				1BEC1BFF1939183C009DADEF /* NSObject+ObjectMap.m in Sources */,
				1BB198CC193FA54A0017A1D6 /* UPViewController.m in Sources */,
				1BB198E0193FB88E0017A1D6 /* RegistrantDTO.m in Sources */,
			);
			runOnlyForDeploymentPostprocessing = 0;
		};
		1BACD35D1937E39700DF7081 /* Sources */ = {
			isa = PBXSourcesBuildPhase;
			buildActionMask = 2147483647;
			files = (
				1BACD36F1937E39700DF7081 /* UniversityProgramsTests.m in Sources */,
			);
			runOnlyForDeploymentPostprocessing = 0;
		};
/* End PBXSourcesBuildPhase section */

/* Begin PBXTargetDependency section */
		1BACD3671937E39700DF7081 /* PBXTargetDependency */ = {
			isa = PBXTargetDependency;
			target = 1BACD3451937E39700DF7081 /* UniversityPrograms */;
			targetProxy = 1BACD3661937E39700DF7081 /* PBXContainerItemProxy */;
		};
/* End PBXTargetDependency section */

/* Begin PBXVariantGroup section */
		1BACD3521937E39700DF7081 /* InfoPlist.strings */ = {
			isa = PBXVariantGroup;
			children = (
				1BACD3531937E39700DF7081 /* en */,
			);
			name = InfoPlist.strings;
			sourceTree = "<group>";
		};
		1BACD36B1937E39700DF7081 /* InfoPlist.strings */ = {
			isa = PBXVariantGroup;
			children = (
				1BACD36C1937E39700DF7081 /* en */,
			);
			name = InfoPlist.strings;
			sourceTree = "<group>";
		};
/* End PBXVariantGroup section */

/* Begin XCBuildConfiguration section */
		1BACD3701937E39700DF7081 /* Debug */ = {
			isa = XCBuildConfiguration;
			buildSettings = {
				ALWAYS_SEARCH_USER_PATHS = NO;
				CLANG_CXX_LANGUAGE_STANDARD = "gnu++0x";
				CLANG_CXX_LIBRARY = "libc++";
				CLANG_ENABLE_MODULES = YES;
				CLANG_ENABLE_OBJC_ARC = YES;
				CLANG_WARN_BOOL_CONVERSION = YES;
				CLANG_WARN_CONSTANT_CONVERSION = YES;
				CLANG_WARN_DIRECT_OBJC_ISA_USAGE = YES_ERROR;
				CLANG_WARN_EMPTY_BODY = YES;
				CLANG_WARN_ENUM_CONVERSION = YES;
				CLANG_WARN_INT_CONVERSION = YES;
				CLANG_WARN_OBJC_ROOT_CLASS = YES_ERROR;
				CLANG_WARN__DUPLICATE_METHOD_MATCH = YES;
				CODE_SIGN_IDENTITY = "iPhone Developer: Matthew Hudnall (Y3BWVQJ2DH)";
				"CODE_SIGN_IDENTITY[sdk=iphoneos*]" = "iPhone Developer: Matthew Hudnall (Y3BWVQJ2DH)";
				COPY_PHASE_STRIP = NO;
				GCC_C_LANGUAGE_STANDARD = gnu99;
				GCC_DYNAMIC_NO_PIC = NO;
				GCC_OPTIMIZATION_LEVEL = 0;
				GCC_PREPROCESSOR_DEFINITIONS = (
					"DEBUG=1",
					"$(inherited)",
				);
				GCC_SYMBOLS_PRIVATE_EXTERN = NO;
				GCC_WARN_64_TO_32_BIT_CONVERSION = YES;
				GCC_WARN_ABOUT_RETURN_TYPE = YES_ERROR;
				GCC_WARN_UNDECLARED_SELECTOR = YES;
				GCC_WARN_UNINITIALIZED_AUTOS = YES_AGGRESSIVE;
				GCC_WARN_UNUSED_FUNCTION = YES;
				GCC_WARN_UNUSED_VARIABLE = YES;
				IPHONEOS_DEPLOYMENT_TARGET = 7.0;
				ONLY_ACTIVE_ARCH = YES;
				SDKROOT = iphoneos;
			};
			name = Debug;
		};
		1BACD3711937E39700DF7081 /* Release */ = {
			isa = XCBuildConfiguration;
			buildSettings = {
				ALWAYS_SEARCH_USER_PATHS = NO;
				CLANG_CXX_LANGUAGE_STANDARD = "gnu++0x";
				CLANG_CXX_LIBRARY = "libc++";
				CLANG_ENABLE_MODULES = YES;
				CLANG_ENABLE_OBJC_ARC = YES;
				CLANG_WARN_BOOL_CONVERSION = YES;
				CLANG_WARN_CONSTANT_CONVERSION = YES;
				CLANG_WARN_DIRECT_OBJC_ISA_USAGE = YES_ERROR;
				CLANG_WARN_EMPTY_BODY = YES;
				CLANG_WARN_ENUM_CONVERSION = YES;
				CLANG_WARN_INT_CONVERSION = YES;
				CLANG_WARN_OBJC_ROOT_CLASS = YES_ERROR;
				CLANG_WARN__DUPLICATE_METHOD_MATCH = YES;
				"CODE_SIGN_IDENTITY[sdk=iphoneos*]" = "iPhone Developer";
				COPY_PHASE_STRIP = YES;
				ENABLE_NS_ASSERTIONS = NO;
				GCC_C_LANGUAGE_STANDARD = gnu99;
				GCC_WARN_64_TO_32_BIT_CONVERSION = YES;
				GCC_WARN_ABOUT_RETURN_TYPE = YES_ERROR;
				GCC_WARN_UNDECLARED_SELECTOR = YES;
				GCC_WARN_UNINITIALIZED_AUTOS = YES_AGGRESSIVE;
				GCC_WARN_UNUSED_FUNCTION = YES;
				GCC_WARN_UNUSED_VARIABLE = YES;
				IPHONEOS_DEPLOYMENT_TARGET = 7.0;
				SDKROOT = iphoneos;
				VALIDATE_PRODUCT = YES;
			};
			name = Release;
		};
		1BACD3731937E39700DF7081 /* Debug */ = {
			isa = XCBuildConfiguration;
			baseConfigurationReference = 3FDA9E41BEF34AC4BD93F41E /* Pods.xcconfig */;
			buildSettings = {
				CLANG_ENABLE_MODULES = YES;
				CODE_SIGN_IDENTITY = "iPhone Developer";
				GCC_PRECOMPILE_PREFIX_HEADER = YES;
				GCC_PREFIX_HEADER = "UniversityPrograms/UniversityPrograms-Prefix.pch";
				INFOPLIST_FILE = "UniversityPrograms/UniversityPrograms-Info.plist";
				IPHONEOS_DEPLOYMENT_TARGET = 7.0;
				PRODUCT_NAME = "$(TARGET_NAME)";
				PROVISIONING_PROFILE = "";
				WRAPPER_EXTENSION = app;
			};
			name = Debug;
		};
		1BACD3741937E39700DF7081 /* Release */ = {
			isa = XCBuildConfiguration;
			baseConfigurationReference = 3FDA9E41BEF34AC4BD93F41E /* Pods.xcconfig */;
			buildSettings = {
				CLANG_ENABLE_MODULES = YES;
				CODE_SIGN_IDENTITY = "iPhone Developer";
				"CODE_SIGN_IDENTITY[sdk=iphoneos*]" = "iPhone Developer";
				GCC_PRECOMPILE_PREFIX_HEADER = YES;
				GCC_PREFIX_HEADER = "UniversityPrograms/UniversityPrograms-Prefix.pch";
				INFOPLIST_FILE = "UniversityPrograms/UniversityPrograms-Info.plist";
				IPHONEOS_DEPLOYMENT_TARGET = 7.0;
				PRODUCT_NAME = "$(TARGET_NAME)";
				PROVISIONING_PROFILE = "";
				WRAPPER_EXTENSION = app;
			};
			name = Release;
		};
		1BACD3761937E39700DF7081 /* Debug */ = {
			isa = XCBuildConfiguration;
			buildSettings = {
				BUNDLE_LOADER = "$(BUILT_PRODUCTS_DIR)/UniversityPrograms.app/UniversityPrograms";
				FRAMEWORK_SEARCH_PATHS = (
					"$(SDKROOT)/Developer/Library/Frameworks",
					"$(inherited)",
					"$(DEVELOPER_FRAMEWORKS_DIR)",
				);
				GCC_PRECOMPILE_PREFIX_HEADER = YES;
				GCC_PREFIX_HEADER = "UniversityPrograms/UniversityPrograms-Prefix.pch";
				GCC_PREPROCESSOR_DEFINITIONS = (
					"DEBUG=1",
					"$(inherited)",
				);
				INFOPLIST_FILE = "UniversityProgramsTests/UniversityProgramsTests-Info.plist";
				PRODUCT_NAME = "$(TARGET_NAME)";
				TEST_HOST = "$(BUNDLE_LOADER)";
				WRAPPER_EXTENSION = xctest;
			};
			name = Debug;
		};
		1BACD3771937E39700DF7081 /* Release */ = {
			isa = XCBuildConfiguration;
			buildSettings = {
				BUNDLE_LOADER = "$(BUILT_PRODUCTS_DIR)/UniversityPrograms.app/UniversityPrograms";
				FRAMEWORK_SEARCH_PATHS = (
					"$(SDKROOT)/Developer/Library/Frameworks",
					"$(inherited)",
					"$(DEVELOPER_FRAMEWORKS_DIR)",
				);
				GCC_PRECOMPILE_PREFIX_HEADER = YES;
				GCC_PREFIX_HEADER = "UniversityPrograms/UniversityPrograms-Prefix.pch";
				INFOPLIST_FILE = "UniversityProgramsTests/UniversityProgramsTests-Info.plist";
				PRODUCT_NAME = "$(TARGET_NAME)";
				TEST_HOST = "$(BUNDLE_LOADER)";
				WRAPPER_EXTENSION = xctest;
			};
			name = Release;
		};
/* End XCBuildConfiguration section */

/* Begin XCConfigurationList section */
		1BACD3411937E39700DF7081 /* Build configuration list for PBXProject "UniversityPrograms" */ = {
			isa = XCConfigurationList;
			buildConfigurations = (
				1BACD3701937E39700DF7081 /* Debug */,
				1BACD3711937E39700DF7081 /* Release */,
			);
			defaultConfigurationIsVisible = 0;
			defaultConfigurationName = Release;
		};
		1BACD3721937E39700DF7081 /* Build configuration list for PBXNativeTarget "UniversityPrograms" */ = {
			isa = XCConfigurationList;
			buildConfigurations = (
				1BACD3731937E39700DF7081 /* Debug */,
				1BACD3741937E39700DF7081 /* Release */,
			);
			defaultConfigurationIsVisible = 0;
			defaultConfigurationName = Release;
		};
		1BACD3751937E39700DF7081 /* Build configuration list for PBXNativeTarget "UniversityProgramsTests" */ = {
			isa = XCConfigurationList;
			buildConfigurations = (
				1BACD3761937E39700DF7081 /* Debug */,
				1BACD3771937E39700DF7081 /* Release */,
			);
			defaultConfigurationIsVisible = 0;
			defaultConfigurationName = Release;
		};
/* End XCConfigurationList section */
	};
	rootObject = 1BACD33E1937E39700DF7081 /* Project object */;
}
